// !$*UTF8*$!
{
	archiveVersion = 1;
	classes = {
	};
	objectVersion = 48;
	objects = {

/* Begin PBXBuildFile section */
		81DF3C5E9D087F8C2B4E4046300A9B3B /* .gitignore in Resources */ = {isa = PBXBuildFile; fileRef = FB6C28D74201C0A3B40E9B18638495B7 /* .gitignore */; };
		F2D9F425994277D0842A0FB31F0935EA /* .swiftlint.yml in Resources */ = {isa = PBXBuildFile; fileRef = 30403D9FD79A1147A989E3ABDDE6AA42 /* .swiftlint.yml */; };
		62833AC3DE5EE1B0A2336A0530CDA718 /* AppDelegate+Extensions.swift in Sources */ = {isa = PBXBuildFile; fileRef = 2851D2D9A1874674F15310FE47E7827F /* AppDelegate+Extensions.swift */; };
		AE193567D75E76CF61F13AC28A990CAD /* AppDelegate.swift in Sources */ = {isa = PBXBuildFile; fileRef = 9C0962F03D679EF8AC82C82F3C3368B4 /* AppDelegate.swift */; };
		B690AD243149468C288B00D71FDDEC80 /* Application.xib in Resources */ = {isa = PBXBuildFile; fileRef = E020A7134FAA38CB633FAD318BEC8BC8 /* Application.xib */; };
		7E2B7E0C72C15A3456C67951A25FA156 /* Assets.xcassets in Resources */ = {isa = PBXBuildFile; fileRef = 9725BE8AFC926D48D7533C2C3092D064 /* Assets.xcassets */; };
		FC6221AD8155C63283EE262C9C85B68C /* CertType.swift in Sources */ = {isa = PBXBuildFile; fileRef = A72095B91071C6D557C03C6392C4A27D /* CertType.swift */; };
		D9772FD17EAAAFE51A6308D7BAFCE1C5 /* Cocoa.framework in Frameworks */ = {isa = PBXBuildFile; fileRef = 68B8C88C8CCDA2336792483F1A3D39AF /* Cocoa.framework */; };
		E10E6512970F9CD3A57A231697140A47 /* Data+Extensions.swift in Sources */ = {isa = PBXBuildFile; fileRef = 247BF97E40CF1A3D7A88F714F6DD22CC /* Data+Extensions.swift */; };
		0B6DE2089468F8BA32E38F9F73A47BDA /* Environment.swift in Sources */ = {isa = PBXBuildFile; fileRef = 5EF64B2B6C7FDADC99FAF94F5888CE4A /* Environment.swift */; };
		767E4C32B7E98CF92A75C5FA78989A6C /* EnvironmentOptions.swift in Sources */ = {isa = PBXBuildFile; fileRef = 049FC01005B5DD7BA19D84C34AF8C9E2 /* EnvironmentOptions.swift */; };
		3C95050B2DAB39B806E34999B31C860D /* Hub.swift in Sources */ = {isa = PBXBuildFile; fileRef = E75F0A205C77E96099A9E06389415C77 /* Hub.swift */; };
		65525822C1243B380797F3C45A9C28F1 /* Logger.swift in Sources */ = {isa = PBXBuildFile; fileRef = C004DF75664FAAF463C11BDDD9339C56 /* Logger.swift */; };
		9DEBDD097144279FBACBF1C48097E3FC /* Notification.swift in Sources */ = {isa = PBXBuildFile; fileRef = D94A48939C7B38170911247110839411 /* Notification.swift */; };
		E6DB3E3369ED94FE8CE94C96B1DAA21E /* Pods_PushTool.framework in Frameworks */ = {isa = PBXBuildFile; fileRef = A5ABBCC7D5BEF7A56DECB1DEBF7193D4 /* Pods_PushTool.framework */; };
		C9908575C48BE152DF5E23DE5BE67456 /* PushError.swift in Sources */ = {isa = PBXBuildFile; fileRef = 6F6FC2AB9998AD38A53EAD639B99A4E9 /* PushError.swift */; };
		3906D14BC2E4944C764FB0919266FEFA /* PushFeedback.swift in Sources */ = {isa = PBXBuildFile; fileRef = 82E374DF8D0EE973C422FF62E0185B2F /* PushFeedback.swift */; };
		CFFE59C3FD75CE9244A729F237874C4F /* Pusher.swift in Sources */ = {isa = PBXBuildFile; fileRef = 891FB75E76772E6DBD6B5AE5CD087511 /* Pusher.swift */; };
		F7A767F9F27AFCD906C64FCA1C104CEC /* README.md in Resources */ = {isa = PBXBuildFile; fileRef = DFFCD34B97EB589039FA2F46C7E6F081 /* README.md */; };
		F0FDC8711B0A90794A79DE9C4C014584 /* SSLConnection.swift in Sources */ = {isa = PBXBuildFile; fileRef = F2F6BD645B697A446E130DBD6A1047DA /* SSLConnection.swift */; };
		D8AE9E035E95F9984C87311877599908 /* SSLError.swift in Sources */ = {isa = PBXBuildFile; fileRef = EBAAAE85284C94C6A533BDB28712156B /* SSLError.swift */; };
		B4DB089212E5E7B4267E17C70EA073FC /* SecIdentityTools.swift in Sources */ = {isa = PBXBuildFile; fileRef = A5469D13B5E0974B13B73B9E29596D43 /* SecIdentityTools.swift */; };
		EC06F5F7E1A9627FDC6A58A9938387D1 /* SecTools.swift in Sources */ = {isa = PBXBuildFile; fileRef = 493F5369E55852A49894F76692217563 /* SecTools.swift */; };
		86BA76B7CAD3B167EACFCCAB234D4727 /* Security.framework in Frameworks */ = {isa = PBXBuildFile; fileRef = 658F71FE87626920A3229836F8D66988 /* Security.framework */; };
		48A725C10785F415B27A44113D6F2ECE /* Type.swift in Sources */ = {isa = PBXBuildFile; fileRef = 1FAE6CB6660E993878E18FB5F36BC3E0 /* Type.swift */; };
		C1E7300DC690DF10B4B83E90251E69D2 /* config.plist in Resources */ = {isa = PBXBuildFile; fileRef = 57ABB956A0E29E7BE34F8E2929F84168 /* config.plist */; };
		8F751BAACA9D8EBE86DA6964785DF809 /* update_info_plist.sh in Resources */ = {isa = PBXBuildFile; fileRef = 77442DF4E80141BF3230BFC4B0ED1352 /* update_info_plist.sh */; };
/* End PBXBuildFile section */

/* Begin PBXCopyFilesBuildPhase section */
		64B0E4B9BF9298CA92BC0A9787F56B83 /* Embed Frameworks */ = {
			isa = PBXCopyFilesBuildPhase;
			buildActionMask = 2147483647;
			dstPath = "";
			dstSubfolderSpec = 10;
			files = (
			);
			name = "Embed Frameworks";
			runOnlyForDeploymentPostprocessing = 0;
		};
/* End PBXCopyFilesBuildPhase section */

/* Begin PBXFileReference section */
		FB6C28D74201C0A3B40E9B18638495B7 /* .gitignore */ = {isa = PBXFileReference; fileEncoding = 4; lastKnownFileType = text; path = .gitignore; sourceTree = "<group>"; };
		30403D9FD79A1147A989E3ABDDE6AA42 /* .swiftlint.yml */ = {isa = PBXFileReference; fileEncoding = 4; lastKnownFileType = text; path = .swiftlint.yml; sourceTree = "<group>"; };
		2851D2D9A1874674F15310FE47E7827F /* AppDelegate+Extensions.swift */ = {isa = PBXFileReference; lastKnownFileType = sourcecode.swift; path = "AppDelegate+Extensions.swift"; sourceTree = "<group>"; };
		9C0962F03D679EF8AC82C82F3C3368B4 /* AppDelegate.swift */ = {isa = PBXFileReference; fileEncoding = 4; lastKnownFileType = sourcecode.swift; path = AppDelegate.swift; sourceTree = "<group>"; };
		A347CF633AC3D0CDE521B7D62A20A804 /* AppKit.framework */ = {isa = PBXFileReference; lastKnownFileType = wrapper.framework; name = AppKit.framework; path = System/Library/Frameworks/AppKit.framework; sourceTree = SDKROOT; };
		E020A7134FAA38CB633FAD318BEC8BC8 /* Application.xib */ = {isa = PBXFileReference; lastKnownFileType = file.xib; path = Application.xib; sourceTree = "<group>"; };
		9725BE8AFC926D48D7533C2C3092D064 /* Assets.xcassets */ = {isa = PBXFileReference; lastKnownFileType = folder.assetcatalog; path = Assets.xcassets; sourceTree = "<group>"; };
		A72095B91071C6D557C03C6392C4A27D /* CertType.swift */ = {isa = PBXFileReference; fileEncoding = 4; lastKnownFileType = sourcecode.swift; path = CertType.swift; sourceTree = "<group>"; };
		68B8C88C8CCDA2336792483F1A3D39AF /* Cocoa.framework */ = {isa = PBXFileReference; lastKnownFileType = wrapper.framework; name = Cocoa.framework; path = System/Library/Frameworks/Cocoa.framework; sourceTree = SDKROOT; };
		E25C88EDA18E4F75C357A78A2C68CC91 /* CoreGraphics.framework */ = {isa = PBXFileReference; lastKnownFileType = wrapper.framework; name = CoreGraphics.framework; path = Platforms/iPhoneOS.platform/Developer/SDKs/iPhoneOS6.1.sdk/System/Library/Frameworks/CoreGraphics.framework; sourceTree = DEVELOPER_DIR; };
		247BF97E40CF1A3D7A88F714F6DD22CC /* Data+Extensions.swift */ = {isa = PBXFileReference; fileEncoding = 4; lastKnownFileType = sourcecode.swift; path = "Data+Extensions.swift"; sourceTree = "<group>"; };
		5EF64B2B6C7FDADC99FAF94F5888CE4A /* Environment.swift */ = {isa = PBXFileReference; fileEncoding = 4; lastKnownFileType = sourcecode.swift; path = Environment.swift; sourceTree = "<group>"; };
		049FC01005B5DD7BA19D84C34AF8C9E2 /* EnvironmentOptions.swift */ = {isa = PBXFileReference; fileEncoding = 4; lastKnownFileType = sourcecode.swift; path = EnvironmentOptions.swift; sourceTree = "<group>"; };
		7AA67947B20FF0B0AEE0F10EA2BC5E0E /* Foundation.framework */ = {isa = PBXFileReference; lastKnownFileType = wrapper.framework; name = Foundation.framework; path = System/Library/Frameworks/Foundation.framework; sourceTree = SDKROOT; };
		E75F0A205C77E96099A9E06389415C77 /* Hub.swift */ = {isa = PBXFileReference; lastKnownFileType = sourcecode.swift; path = Hub.swift; sourceTree = "<group>"; };
		E0F6C67BAD40F03F44BDBAF83B46434F /* Info.plist */ = {isa = PBXFileReference; lastKnownFileType = text.plist.xml; path = Info.plist; sourceTree = "<group>"; };
		C004DF75664FAAF463C11BDDD9339C56 /* Logger.swift */ = {isa = PBXFileReference; fileEncoding = 4; lastKnownFileType = sourcecode.swift; path = Logger.swift; sourceTree = "<group>"; };
		D94A48939C7B38170911247110839411 /* Notification.swift */ = {isa = PBXFileReference; fileEncoding = 4; lastKnownFileType = sourcecode.swift; path = Notification.swift; sourceTree = "<group>"; };
		E89359A3DA72141E0A0C84E942D6A3A0 /* Pods-PushTool.debug.xcconfig */ = {isa = PBXFileReference; includeInIndex = 1; lastKnownFileType = text.xcconfig; name = "Pods-PushTool.debug.xcconfig"; path = "Pods/Target Support Files/Pods-PushTool/Pods-PushTool.debug.xcconfig"; sourceTree = "<group>"; };
		88398B94125E428C651A25837F3A8EE8 /* Pods-PushTool.release.xcconfig */ = {isa = PBXFileReference; includeInIndex = 1; lastKnownFileType = text.xcconfig; name = "Pods-PushTool.release.xcconfig"; path = "Pods/Target Support Files/Pods-PushTool/Pods-PushTool.release.xcconfig"; sourceTree = "<group>"; };
		A5ABBCC7D5BEF7A56DECB1DEBF7193D4 /* Pods_PushTool.framework */ = {isa = PBXFileReference; explicitFileType = wrapper.framework; includeInIndex = 0; path = Pods_PushTool.framework; sourceTree = BUILT_PRODUCTS_DIR; };
		8C47112F945765EE38CC31701B993A93 /* ProjectBase.xcconfig */ = {isa = PBXFileReference; lastKnownFileType = text.xcconfig; path = ProjectBase.xcconfig; sourceTree = "<group>"; };
		E73FD753D1D6F5D6A6FD912629D760A5 /* ProjectDebug.xcconfig */ = {isa = PBXFileReference; lastKnownFileType = text.xcconfig; path = ProjectDebug.xcconfig; sourceTree = "<group>"; };
		7FE967AD886F7ABEC622BFD6EA3C4E74 /* ProjectRelease.xcconfig */ = {isa = PBXFileReference; lastKnownFileType = text.xcconfig; path = ProjectRelease.xcconfig; sourceTree = "<group>"; };
		9E387C3A9A39BC328274AD273C4C054C /* ProjectVersion.xcconfig */ = {isa = PBXFileReference; lastKnownFileType = text.xcconfig; path = ProjectVersion.xcconfig; sourceTree = "<group>"; };
		9167D4589C9F8DEAFD3279CF4898983F /* ProjectWarnings.xcconfig */ = {isa = PBXFileReference; lastKnownFileType = text.xcconfig; path = ProjectWarnings.xcconfig; sourceTree = "<group>"; };
		6F6FC2AB9998AD38A53EAD639B99A4E9 /* PushError.swift */ = {isa = PBXFileReference; fileEncoding = 4; lastKnownFileType = sourcecode.swift; path = PushError.swift; sourceTree = "<group>"; };
		82E374DF8D0EE973C422FF62E0185B2F /* PushFeedback.swift */ = {isa = PBXFileReference; fileEncoding = 4; lastKnownFileType = sourcecode.swift; path = PushFeedback.swift; sourceTree = "<group>"; };
		94F64BD810C0552FD0A4C14CCF70C3ED /* PushTool.app */ = {isa = PBXFileReference; explicitFileType = wrapper.application; includeInIndex = 0; path = PushTool.app; sourceTree = BUILT_PRODUCTS_DIR; };
		891FB75E76772E6DBD6B5AE5CD087511 /* Pusher.swift */ = {isa = PBXFileReference; lastKnownFileType = sourcecode.swift; path = Pusher.swift; sourceTree = "<group>"; };
		DFFCD34B97EB589039FA2F46C7E6F081 /* README.md */ = {isa = PBXFileReference; fileEncoding = 4; lastKnownFileType = text; path = README.md; sourceTree = "<group>"; };
		F2F6BD645B697A446E130DBD6A1047DA /* SSLConnection.swift */ = {isa = PBXFileReference; lastKnownFileType = sourcecode.swift; path = SSLConnection.swift; sourceTree = "<group>"; };
		EBAAAE85284C94C6A533BDB28712156B /* SSLError.swift */ = {isa = PBXFileReference; lastKnownFileType = sourcecode.swift; path = SSLError.swift; sourceTree = "<group>"; };
		A5469D13B5E0974B13B73B9E29596D43 /* SecIdentityTools.swift */ = {isa = PBXFileReference; lastKnownFileType = sourcecode.swift; path = SecIdentityTools.swift; sourceTree = "<group>"; };
		493F5369E55852A49894F76692217563 /* SecTools.swift */ = {isa = PBXFileReference; lastKnownFileType = sourcecode.swift; path = SecTools.swift; sourceTree = "<group>"; };
		658F71FE87626920A3229836F8D66988 /* Security.framework */ = {isa = PBXFileReference; lastKnownFileType = wrapper.framework; name = Security.framework; path = System/Library/Frameworks/Security.framework; sourceTree = SDKROOT; };
		1FAE6CB6660E993878E18FB5F36BC3E0 /* Type.swift */ = {isa = PBXFileReference; fileEncoding = 4; lastKnownFileType = sourcecode.swift; path = Type.swift; sourceTree = "<group>"; };
		32C51810266B72B3D5775CF12A959D56 /* UIKit.framework */ = {isa = PBXFileReference; lastKnownFileType = wrapper.framework; name = UIKit.framework; path = Platforms/iPhoneOS.platform/Developer/SDKs/iPhoneOS6.1.sdk/System/Library/Frameworks/UIKit.framework; sourceTree = DEVELOPER_DIR; };
		57ABB956A0E29E7BE34F8E2929F84168 /* config.plist */ = {isa = PBXFileReference; lastKnownFileType = text.plist.xml; path = config.plist; sourceTree = "<group>"; };
		617DFE0F3282328E69EF62966C6AF7AF /* uniquify_projects.sh */ = {isa = PBXFileReference; lastKnownFileType = text.script.sh; path = uniquify_projects.sh; sourceTree = "<group>"; };
		77442DF4E80141BF3230BFC4B0ED1352 /* update_info_plist.sh */ = {isa = PBXFileReference; fileEncoding = 4; lastKnownFileType = text.script.sh; path = update_info_plist.sh; sourceTree = "<group>"; };
/* End PBXFileReference section */

/* Begin PBXFrameworksBuildPhase section */
		8E98EE5D876C5C9B6B077796D19A0621 /* Frameworks */ = {
			isa = PBXFrameworksBuildPhase;
			buildActionMask = 2147483647;
			files = (
				D9772FD17EAAAFE51A6308D7BAFCE1C5 /* Cocoa.framework in Frameworks */,
				E6DB3E3369ED94FE8CE94C96B1DAA21E /* Pods_PushTool.framework in Frameworks */,
				86BA76B7CAD3B167EACFCCAB234D4727 /* Security.framework in Frameworks */,
			);
			runOnlyForDeploymentPostprocessing = 0;
		};
/* End PBXFrameworksBuildPhase section */

/* Begin PBXGroup section */
		2206F44DF98982671F92BA11E890CBFC /* Resources */ = {
			isa = PBXGroup;
			children = (
				E020A7134FAA38CB633FAD318BEC8BC8 /* Application.xib */,
				9725BE8AFC926D48D7533C2C3092D064 /* Assets.xcassets */,
				E0F6C67BAD40F03F44BDBAF83B46434F /* Info.plist */,
				57ABB956A0E29E7BE34F8E2929F84168 /* config.plist */,
			);
			path = Resources;
			sourceTree = "<group>";
		};
		24D45C6454E9422DE49CFB5DFA08E9C5 /* BuildSettings */ = {
			isa = PBXGroup;
			children = (
				8C47112F945765EE38CC31701B993A93 /* ProjectBase.xcconfig */,
				E73FD753D1D6F5D6A6FD912629D760A5 /* ProjectDebug.xcconfig */,
				7FE967AD886F7ABEC622BFD6EA3C4E74 /* ProjectRelease.xcconfig */,
				9E387C3A9A39BC328274AD273C4C054C /* ProjectVersion.xcconfig */,
				9167D4589C9F8DEAFD3279CF4898983F /* ProjectWarnings.xcconfig */,
			);
			path = BuildSettings;
			sourceTree = "<group>";
		};
		2E2B6724251035F8BF8F82D3F7A65C80 /* Pods */ = {
			isa = PBXGroup;
			children = (
				E89359A3DA72141E0A0C84E942D6A3A0 /* Pods-PushTool.debug.xcconfig */,
				88398B94125E428C651A25837F3A8EE8 /* Pods-PushTool.release.xcconfig */,
			);
			name = Pods;
			sourceTree = "<group>";
		};
		473D77C0F3C51B0DA4B34E8ECB776E49 /* Configuration */ = {
			isa = PBXGroup;
			children = (
				FB6C28D74201C0A3B40E9B18638495B7 /* .gitignore */,
				30403D9FD79A1147A989E3ABDDE6AA42 /* .swiftlint.yml */,
			);
			name = Configuration;
			sourceTree = "<group>";
		};
		5D44DE4A16580C2624CF506C05146E70 /* Frameworks */ = {
			isa = PBXGroup;
			children = (
				A347CF633AC3D0CDE521B7D62A20A804 /* AppKit.framework */,
				68B8C88C8CCDA2336792483F1A3D39AF /* Cocoa.framework */,
				E25C88EDA18E4F75C357A78A2C68CC91 /* CoreGraphics.framework */,
				7AA67947B20FF0B0AEE0F10EA2BC5E0E /* Foundation.framework */,
				A5ABBCC7D5BEF7A56DECB1DEBF7193D4 /* Pods_PushTool.framework */,
				658F71FE87626920A3229836F8D66988 /* Security.framework */,
				32C51810266B72B3D5775CF12A959D56 /* UIKit.framework */,
			);
			name = Frameworks;
			sourceTree = "<group>";
		};
		7F2F4D2B9D6E791D51F2E2E57C727D0E /* Scripts */ = {
			isa = PBXGroup;
			children = (
				617DFE0F3282328E69EF62966C6AF7AF /* uniquify_projects.sh */,
				77442DF4E80141BF3230BFC4B0ED1352 /* update_info_plist.sh */,
			);
			path = Scripts;
			sourceTree = "<group>";
		};
		B1D116BD7DFDFD66849644CDAAEE17CA /* Source */ = {
			isa = PBXGroup;
			children = (
				2851D2D9A1874674F15310FE47E7827F /* AppDelegate+Extensions.swift */,
				9C0962F03D679EF8AC82C82F3C3368B4 /* AppDelegate.swift */,
				A72095B91071C6D557C03C6392C4A27D /* CertType.swift */,
				247BF97E40CF1A3D7A88F714F6DD22CC /* Data+Extensions.swift */,
				5EF64B2B6C7FDADC99FAF94F5888CE4A /* Environment.swift */,
				049FC01005B5DD7BA19D84C34AF8C9E2 /* EnvironmentOptions.swift */,
				E75F0A205C77E96099A9E06389415C77 /* Hub.swift */,
				C004DF75664FAAF463C11BDDD9339C56 /* Logger.swift */,
				D94A48939C7B38170911247110839411 /* Notification.swift */,
				6F6FC2AB9998AD38A53EAD639B99A4E9 /* PushError.swift */,
				82E374DF8D0EE973C422FF62E0185B2F /* PushFeedback.swift */,
				891FB75E76772E6DBD6B5AE5CD087511 /* Pusher.swift */,
				F2F6BD645B697A446E130DBD6A1047DA /* SSLConnection.swift */,
				EBAAAE85284C94C6A533BDB28712156B /* SSLError.swift */,
				A5469D13B5E0974B13B73B9E29596D43 /* SecIdentityTools.swift */,
				493F5369E55852A49894F76692217563 /* SecTools.swift */,
				1FAE6CB6660E993878E18FB5F36BC3E0 /* Type.swift */,
			);
			path = Source;
			sourceTree = "<group>";
		};
		BD1A693E3C4E73479A4A3D5AEF4097A4 /* Products */ = {
			isa = PBXGroup;
			children = (
				94F64BD810C0552FD0A4C14CCF70C3ED /* PushTool.app */,
			);
			name = Products;
			sourceTree = "<group>";
		};
		C0F5CF051DDFC5AFACC67BB2D26AF935 = {
			isa = PBXGroup;
			children = (
				24D45C6454E9422DE49CFB5DFA08E9C5 /* BuildSettings */,
				473D77C0F3C51B0DA4B34E8ECB776E49 /* Configuration */,
				5D44DE4A16580C2624CF506C05146E70 /* Frameworks */,
				2E2B6724251035F8BF8F82D3F7A65C80 /* Pods */,
				BD1A693E3C4E73479A4A3D5AEF4097A4 /* Products */,
				2206F44DF98982671F92BA11E890CBFC /* Resources */,
				7F2F4D2B9D6E791D51F2E2E57C727D0E /* Scripts */,
				B1D116BD7DFDFD66849644CDAAEE17CA /* Source */,
				DFFCD34B97EB589039FA2F46C7E6F081 /* README.md */,
			);
			sourceTree = "<group>";
		};
/* End PBXGroup section */

/* Begin PBXNativeTarget section */
		6436C01A46910FD5B912843690E06CCB /* PushTool */ = {
			isa = PBXNativeTarget;
			buildConfigurationList = EAB357444DD8240B61975A7A6E34B1E5 /* Build configuration list for PBXNativeTarget "PushTool" */;
			buildPhases = (
				624613A56900601D34A097E5664BFB44 /* [CP] Check Pods Manifest.lock */,
				4F113A17B7AAB0E2BB798127E96B7AD3 /* Sources */,
				8E98EE5D876C5C9B6B077796D19A0621 /* Frameworks */,
				94C64C1A1F745CC4FA7278ABA0081643 /* Resources */,
				64B0E4B9BF9298CA92BC0A9787F56B83 /* Embed Frameworks */,
				8E5A4BAD81AFD09EB56FBE3C6A9EC82C /* Update Info Plist */,
				51767CC2A8E704C9FE743DAE602B1ED2 /* [CP] Embed Pods Frameworks */,
				296E85737B4ACD2FDD0F2282A715FE30 /* [CP] Copy Pods Resources */,
				2C4158C8BB3FF0364730E45043BB8D2D /* SwiftLint */,
			);
			buildRules = (
			);
			dependencies = (
			);
			name = PushTool;
			productName = Pusher;
			productReference = 94F64BD810C0552FD0A4C14CCF70C3ED /* PushTool.app */;
			productType = "com.apple.product-type.application";
		};
/* End PBXNativeTarget section */

/* Begin PBXProject section */
		249EA1D406BFEFAE3143060E00AFB762 /* Project object */ = {
			isa = PBXProject;
			attributes = {
				CLASSPREFIX = "";
				LastUpgradeCheck = 0930;
				ORGANIZATIONNAME = Andela;
				TargetAttributes = {
					6436C01A46910FD5B912843690E06CCB = {
						LastSwiftMigration = 0920;
						ProvisioningStyle = Automatic;
					};
				};
			};
			buildConfigurationList = 4335BA8FAFE51AA4C506BEC5E36BA63A /* Build configuration list for PBXProject "PushTool" */;
			compatibilityVersion = "Xcode 8.0";
			developmentRegion = English;
			hasScannedForEncodings = 0;
			knownRegions = (
				en,
			);
			mainGroup = C0F5CF051DDFC5AFACC67BB2D26AF935;
			productRefGroup = BD1A693E3C4E73479A4A3D5AEF4097A4 /* Products */;
			projectDirPath = "";
			projectRoot = "";
			targets = (
				6436C01A46910FD5B912843690E06CCB /* PushTool */,
			);
		};
/* End PBXProject section */

/* Begin PBXResourcesBuildPhase section */
		94C64C1A1F745CC4FA7278ABA0081643 /* Resources */ = {
			isa = PBXResourcesBuildPhase;
			buildActionMask = 2147483647;
			files = (
				81DF3C5E9D087F8C2B4E4046300A9B3B /* .gitignore in Resources */,
				F2D9F425994277D0842A0FB31F0935EA /* .swiftlint.yml in Resources */,
				B690AD243149468C288B00D71FDDEC80 /* Application.xib in Resources */,
				7E2B7E0C72C15A3456C67951A25FA156 /* Assets.xcassets in Resources */,
				F7A767F9F27AFCD906C64FCA1C104CEC /* README.md in Resources */,
				C1E7300DC690DF10B4B83E90251E69D2 /* config.plist in Resources */,
				8F751BAACA9D8EBE86DA6964785DF809 /* update_info_plist.sh in Resources */,
			);
			runOnlyForDeploymentPostprocessing = 0;
		};
/* End PBXResourcesBuildPhase section */

/* Begin PBXShellScriptBuildPhase section */
		296E85737B4ACD2FDD0F2282A715FE30 /* [CP] Copy Pods Resources */ = {
			isa = PBXShellScriptBuildPhase;
			buildActionMask = 2147483647;
			files = (
			);
			inputPaths = (
			);
			name = "[CP] Copy Pods Resources";
			outputPaths = (
			);
			runOnlyForDeploymentPostprocessing = 0;
			shellPath = /bin/sh;
			shellScript = "\"${SRCROOT}/Pods/Target Support Files/Pods-PushTool/Pods-PushTool-resources.sh\"\n";
			showEnvVarsInLog = 0;
		};
		2C4158C8BB3FF0364730E45043BB8D2D /* SwiftLint */ = {
			isa = PBXShellScriptBuildPhase;
			buildActionMask = 2147483647;
			files = (
			);
			inputPaths = (
			);
			name = SwiftLint;
			outputPaths = (
			);
			runOnlyForDeploymentPostprocessing = 0;
			shellPath = /bin/sh;
			shellScript = "\"${PODS_ROOT}\"/SwiftLint/swiftlint autocorrect\n\"${PODS_ROOT}\"/SwiftLint/swiftlint\n";
			showEnvVarsInLog = 0;
		};
		51767CC2A8E704C9FE743DAE602B1ED2 /* [CP] Embed Pods Frameworks */ = {
			isa = PBXShellScriptBuildPhase;
			buildActionMask = 2147483647;
			files = (
			);
			inputPaths = (
			);
			name = "[CP] Embed Pods Frameworks";
			outputPaths = (
			);
			runOnlyForDeploymentPostprocessing = 0;
			shellPath = /bin/sh;
			shellScript = "\"${SRCROOT}/Pods/Target Support Files/Pods-PushTool/Pods-PushTool-frameworks.sh\"\n";
			showEnvVarsInLog = 0;
		};
		624613A56900601D34A097E5664BFB44 /* [CP] Check Pods Manifest.lock */ = {
			isa = PBXShellScriptBuildPhase;
			buildActionMask = 2147483647;
			files = (
			);
			inputPaths = (
				"${PODS_PODFILE_DIR_PATH}/Podfile.lock",
				"${PODS_ROOT}/Manifest.lock",
			);
			name = "[CP] Check Pods Manifest.lock";
			outputPaths = (
				"$(DERIVED_FILE_DIR)/Pods-PushTool-checkManifestLockResult.txt",
			);
			runOnlyForDeploymentPostprocessing = 0;
			shellPath = /bin/sh;
			shellScript = "diff \"${PODS_PODFILE_DIR_PATH}/Podfile.lock\" \"${PODS_ROOT}/Manifest.lock\" > /dev/null\nif [ $? != 0 ] ; then\n    # print error to STDERR\n    echo \"error: The sandbox is not in sync with the Podfile.lock. Run 'pod install' or update your CocoaPods installation.\" >&2\n    exit 1\nfi\n# This output is used by Xcode 'outputs' to avoid re-running this script phase.\necho \"SUCCESS\" > \"${SCRIPT_OUTPUT_FILE_0}\"\n";
			showEnvVarsInLog = 0;
		};
		8E5A4BAD81AFD09EB56FBE3C6A9EC82C /* Update Info Plist */ = {
			isa = PBXShellScriptBuildPhase;
			buildActionMask = 2147483647;
			files = (
			);
			inputPaths = (
			);
			name = "Update Info Plist";
			outputPaths = (
			);
			runOnlyForDeploymentPostprocessing = 0;
			shellPath = /bin/sh;
			shellScript = "\"${SRCROOT}\"/Scripts/update_info_plist.sh\n";
			showEnvVarsInLog = 0;
		};
/* End PBXShellScriptBuildPhase section */

/* Begin PBXSourcesBuildPhase section */
		4F113A17B7AAB0E2BB798127E96B7AD3 /* Sources */ = {
			isa = PBXSourcesBuildPhase;
			buildActionMask = 2147483647;
			files = (
				62833AC3DE5EE1B0A2336A0530CDA718 /* AppDelegate+Extensions.swift in Sources */,
				AE193567D75E76CF61F13AC28A990CAD /* AppDelegate.swift in Sources */,
				FC6221AD8155C63283EE262C9C85B68C /* CertType.swift in Sources */,
				E10E6512970F9CD3A57A231697140A47 /* Data+Extensions.swift in Sources */,
				0B6DE2089468F8BA32E38F9F73A47BDA /* Environment.swift in Sources */,
				767E4C32B7E98CF92A75C5FA78989A6C /* EnvironmentOptions.swift in Sources */,
				3C95050B2DAB39B806E34999B31C860D /* Hub.swift in Sources */,
				65525822C1243B380797F3C45A9C28F1 /* Logger.swift in Sources */,
				9DEBDD097144279FBACBF1C48097E3FC /* Notification.swift in Sources */,
				C9908575C48BE152DF5E23DE5BE67456 /* PushError.swift in Sources */,
				3906D14BC2E4944C764FB0919266FEFA /* PushFeedback.swift in Sources */,
				CFFE59C3FD75CE9244A729F237874C4F /* Pusher.swift in Sources */,
				F0FDC8711B0A90794A79DE9C4C014584 /* SSLConnection.swift in Sources */,
				D8AE9E035E95F9984C87311877599908 /* SSLError.swift in Sources */,
				B4DB089212E5E7B4267E17C70EA073FC /* SecIdentityTools.swift in Sources */,
				EC06F5F7E1A9627FDC6A58A9938387D1 /* SecTools.swift in Sources */,
				48A725C10785F415B27A44113D6F2ECE /* Type.swift in Sources */,
			);
			runOnlyForDeploymentPostprocessing = 0;
		};
/* End PBXSourcesBuildPhase section */

/* Begin XCBuildConfiguration section */
		178A321CA1F3692DC77F3B810F531099 /* Debug */ = {
			isa = XCBuildConfiguration;
			baseConfigurationReference = E89359A3DA72141E0A0C84E942D6A3A0 /* Pods-PushTool.debug.xcconfig */;
			buildSettings = {
				"CODE_SIGN_IDENTITY[sdk=macosx*]" = "Mac Developer";
				CODE_SIGN_STYLE = Automatic;
				DEVELOPMENT_TEAM = ZAU58TE88U;
				INFOPLIST_FILE = Resources/Info.plist;
				LD_RUNPATH_SEARCH_PATHS = "$(inherited) @executable_path/../Frameworks";
				MACOSX_DEPLOYMENT_TARGET = 10.12;
				PROVISIONING_PROFILE_SPECIFIER = "";
				SDKROOT = macosx;
				VALID_ARCHS = "i386 x86_64";
			};
			name = Debug;
		};
		AD87ADA896EAD092EDEECDCEACC5E6AA /* Release */ = {
			isa = XCBuildConfiguration;
			baseConfigurationReference = E73FD753D1D6F5D6A6FD912629D760A5 /* ProjectDebug.xcconfig */;
			buildSettings = {
				SWIFT_COMPILATION_MODE = wholemodule;
			};
			name = Release;
		};
		D8A1412A384D795D5F093B33582047A3 /* Debug */ = {
			isa = XCBuildConfiguration;
			baseConfigurationReference = E73FD753D1D6F5D6A6FD912629D760A5 /* ProjectDebug.xcconfig */;
			buildSettings = {
			};
			name = Debug;
		};
		F527D30F15CD8E91EEBD2FD404287330 /* Release */ = {
			isa = XCBuildConfiguration;
			baseConfigurationReference = 88398B94125E428C651A25837F3A8EE8 /* Pods-PushTool.release.xcconfig */;
			buildSettings = {
				"CODE_SIGN_IDENTITY[sdk=macosx*]" = "Mac Developer";
				CODE_SIGN_STYLE = Automatic;
				DEVELOPMENT_TEAM = ZAU58TE88U;
				INFOPLIST_FILE = Resources/Info.plist;
				LD_RUNPATH_SEARCH_PATHS = "$(inherited) @executable_path/../Frameworks";
				MACOSX_DEPLOYMENT_TARGET = 10.12;
				PROVISIONING_PROFILE_SPECIFIER = "";
				SDKROOT = macosx;
				VALID_ARCHS = "i386 x86_64";
			};
			name = Release;
		};
/* End XCBuildConfiguration section */

/* Begin XCConfigurationList section */
		4335BA8FAFE51AA4C506BEC5E36BA63A /* Build configuration list for PBXProject "PushTool" */ = {
			isa = XCConfigurationList;
			buildConfigurations = (
				D8A1412A384D795D5F093B33582047A3 /* Debug */,
				AD87ADA896EAD092EDEECDCEACC5E6AA /* Release */,
			);
			defaultConfigurationIsVisible = 0;
			defaultConfigurationName = Release;
		};
		EAB357444DD8240B61975A7A6E34B1E5 /* Build configuration list for PBXNativeTarget "PushTool" */ = {
			isa = XCConfigurationList;
			buildConfigurations = (
				178A321CA1F3692DC77F3B810F531099 /* Debug */,
				F527D30F15CD8E91EEBD2FD404287330 /* Release */,
			);
			defaultConfigurationIsVisible = 0;
			defaultConfigurationName = Release;
		};
/* End XCConfigurationList section */
	};
	rootObject = 249EA1D406BFEFAE3143060E00AFB762 /* Project object */;
}
