// !$*UTF8*$!
{
	archiveVersion = 1;
	classes = {
	};
	objectVersion = 48;
	objects = {

/* Begin PBXBuildFile section */
		7CF01F7F019F8CB16D71E5D2CFCC83CD /* Application.xib in Resources */ = {isa = PBXBuildFile; fileRef = 97F914BF9A96C62C38818F9BC04672B0 /* Application.xib */; };
		6C30CF126968AB86A7ED80E2DE35CF2C /* Cocoa.framework in Frameworks */ = {isa = PBXBuildFile; fileRef = 68B8C88C8CCDA2336792483F1A3D39AF /* Cocoa.framework */; };
		07BA7B31259F1774118B9345DB9E888B /* CoreGraphics.framework in Frameworks */ = {isa = PBXBuildFile; fileRef = E25C88EDA18E4F75C357A78A2C68CC91 /* CoreGraphics.framework */; };
		C96933BA97E7E6F00AC779B5A075CA4F /* Default-568h@2x.png in Resources */ = {isa = PBXBuildFile; fileRef = 339E7B873EECA678EE962221321EFA68 /* Default-568h@2x.png */; };
		60394ACEB146B230EA7E94F04CB7A3A3 /* Default.png in Resources */ = {isa = PBXBuildFile; fileRef = 14E113EF9CA9DD722E1B1C688E999564 /* Default.png */; };
		4075758F0EF1FC460CD48A378298DB9E /* Default@2x.png in Resources */ = {isa = PBXBuildFile; fileRef = 48EEA3B2DE9256F7AD816A27999B8C24 /* Default@2x.png */; };
		85DF6F2E73F7EC1EA141C0E6A20CC9B2 /* Foundation.framework in Frameworks */ = {isa = PBXBuildFile; fileRef = 7AA67947B20FF0B0AEE0F10EA2BC5E0E /* Foundation.framework */; };
		3F5E65B3AC12B11A8E14C0D3EA9F45BF /* Icon-72.png in Resources */ = {isa = PBXBuildFile; fileRef = 696D97E9A867DCED959BA5689464BC2D /* Icon-72.png */; };
		8970832F94DEF946F8AC93B4DAC1643D /* Icon-72@2x.png in Resources */ = {isa = PBXBuildFile; fileRef = AE6CA773ABF172D892AFA5C6C4FDFAE1 /* Icon-72@2x.png */; };
		84D9668B34D21557B68930CF74A9CD0A /* Icon@2x.png in Resources */ = {isa = PBXBuildFile; fileRef = E09837A651813E20AFE5B147BAE26CAF /* Icon@2x.png */; };
		3438822F46F23873C387389030C5F27E /* NWAppDelegate.m in Sources */ = {isa = PBXBuildFile; fileRef = 496A3DB8F1103FDD461515E6C4315277 /* NWAppDelegate.m */; };
		D8CA0283DC3DC5B9403148612B2A3F23 /* NWAppDelegate.m in Sources */ = {isa = PBXBuildFile; fileRef = 049C80CED9392B9E3EA29C06A7B04FD7 /* NWAppDelegate.m */; };
		F0557F40EC98D093AD33E049228E14E3 /* NWHub.m in Sources */ = {isa = PBXBuildFile; fileRef = DB9B112C3BBE26299A5C382AC640BC38 /* NWHub.m */; };
		CDB66CAA955369B0FA03D30051842A11 /* NWHub.m in Sources */ = {isa = PBXBuildFile; fileRef = DB9B112C3BBE26299A5C382AC640BC38 /* NWHub.m */; };
		D41C1E84A22DB507C447723CFE65EC0A /* NWLCore.c in Sources */ = {isa = PBXBuildFile; fileRef = 69802EEDFDB8DB1185B2FD220C5E59CD /* NWLCore.c */; };
		D6DE0084D9105532E923DE87245D878B /* NWLCore.c in Sources */ = {isa = PBXBuildFile; fileRef = 69802EEDFDB8DB1185B2FD220C5E59CD /* NWLCore.c */; };
		39100E9ACEF513E09621D62414DA74FB /* NWNotification.m in Sources */ = {isa = PBXBuildFile; fileRef = 2EE7C9FE9359DB3978B4844E574858AD /* NWNotification.m */; };
		0FDFDF6F0B5807805B11424FDD277A6E /* NWNotification.m in Sources */ = {isa = PBXBuildFile; fileRef = 2EE7C9FE9359DB3978B4844E574858AD /* NWNotification.m */; };
		30EA9D831EEBF05823F9F7421AEEBF3A /* NWPushFeedback.m in Sources */ = {isa = PBXBuildFile; fileRef = 1AD6BF8B96A464E5D28E739FCBCD2EE2 /* NWPushFeedback.m */; };
		2DB1F72A1DBD25864D3FF1E137BE9F75 /* NWPushFeedback.m in Sources */ = {isa = PBXBuildFile; fileRef = 1AD6BF8B96A464E5D28E739FCBCD2EE2 /* NWPushFeedback.m */; };
		C7C6F33019660D16382BA1DF22111EA4 /* NWPusher.m in Sources */ = {isa = PBXBuildFile; fileRef = 592C511044599C4548E6D6F046C979FE /* NWPusher.m */; };
		D993025C5FFA1693C8AEC1AE898CFB49 /* NWPusher.m in Sources */ = {isa = PBXBuildFile; fileRef = 592C511044599C4548E6D6F046C979FE /* NWPusher.m */; };
		6D3D8756626AA0DA596A72AFBF104CA5 /* NWSSLConnection.m in Sources */ = {isa = PBXBuildFile; fileRef = 87BF2248470B313F145E11D3821C487E /* NWSSLConnection.m */; };
		3660BAE560740B47D84DEB1EFE72A915 /* NWSSLConnection.m in Sources */ = {isa = PBXBuildFile; fileRef = 87BF2248470B313F145E11D3821C487E /* NWSSLConnection.m */; };
		9B9FC7C7222906F0F09CBA90BA63FB9E /* NWSecTools.m in Sources */ = {isa = PBXBuildFile; fileRef = 394857CC384C598C8FC13E37117A40E5 /* NWSecTools.m */; };
		30863083D4E77D3DFB249208054438AE /* NWSecTools.m in Sources */ = {isa = PBXBuildFile; fileRef = 394857CC384C598C8FC13E37117A40E5 /* NWSecTools.m */; };
		10D51C043DB1F76833C717D13BBE38C0 /* NWType.m in Sources */ = {isa = PBXBuildFile; fileRef = A9EE9CCB51ABFB0501D49781CE5C5171 /* NWType.m */; };
		620BBAAE6847C33628B5BB94279D735A /* NWType.m in Sources */ = {isa = PBXBuildFile; fileRef = A9EE9CCB51ABFB0501D49781CE5C5171 /* NWType.m */; };
		E231C0FE439040506E058213AF107332 /* README.md in Resources */ = {isa = PBXBuildFile; fileRef = DFFCD34B97EB589039FA2F46C7E6F081 /* README.md */; };
		4A502FC03236A7A9857082B9EBDEA522 /* README.md in Resources */ = {isa = PBXBuildFile; fileRef = DFFCD34B97EB589039FA2F46C7E6F081 /* README.md */; };
		6315D14787C83D5942AE5C222A84A5D7 /* Security.framework in Frameworks */ = {isa = PBXBuildFile; fileRef = 658F71FE87626920A3229836F8D66988 /* Security.framework */; };
		C0B65FDE6DE7BB52E7F3D37B226B0F53 /* Security.framework in Frameworks */ = {isa = PBXBuildFile; fileRef = 658F71FE87626920A3229836F8D66988 /* Security.framework */; };
		037EDD2B43689B7E1D73F243A6A3B079 /* UIKit.framework in Frameworks */ = {isa = PBXBuildFile; fileRef = 32C51810266B72B3D5775CF12A959D56 /* UIKit.framework */; };
		17C5462819315711E973E077D700BD16 /* config.plist in Resources */ = {isa = PBXBuildFile; fileRef = EA8D22879A390277C8EBCF3643C5C2AC /* config.plist */; };
		6BFFF771E1DA0900D4347051D13E075B /* icon.icns in Resources */ = {isa = PBXBuildFile; fileRef = A2C675D7B9EAD53F0BA27B73A162E40A /* icon.icns */; };
		0BD849D3980CEA64F30E837F1709C9F3 /* icon.png in Resources */ = {isa = PBXBuildFile; fileRef = DA0BCF86B9CC8DED85BE9347432D6548 /* icon.png */; };
		2B0FBB69ED57964FA6349D85E0EEF0AD /* main.m in Sources */ = {isa = PBXBuildFile; fileRef = 7C04EBBC0112A520592147863508B21C /* main.m */; };
		B91C45DB899573F6606B42199EC149C4 /* main.m in Sources */ = {isa = PBXBuildFile; fileRef = C079B178B5B2239077B045C295FE6B26 /* main.m */; };
/* End PBXBuildFile section */

/* Begin PBXCopyFilesBuildPhase section */
		B42F072AD621AE87753C6CA382B7BEA4 /* Embed Frameworks */ = {
			isa = PBXCopyFilesBuildPhase;
			buildActionMask = 2147483647;
			dstPath = "";
			dstSubfolderSpec = 10;
			files = (
			);
			name = "Embed Frameworks";
			runOnlyForDeploymentPostprocessing = 0;
		};
		4D077E4E9DCD95B06485AA50A86C7C52 /* Embed Frameworks */ = {
			isa = PBXCopyFilesBuildPhase;
			buildActionMask = 2147483647;
			dstPath = "";
			dstSubfolderSpec = 10;
			files = (
			);
			name = "Embed Frameworks";
			runOnlyForDeploymentPostprocessing = 0;
		};
/* End PBXCopyFilesBuildPhase section */

/* Begin PBXFileReference section */
		A347CF633AC3D0CDE521B7D62A20A804 /* AppKit.framework */ = {isa = PBXFileReference; lastKnownFileType = wrapper.framework; name = AppKit.framework; path = System/Library/Frameworks/AppKit.framework; sourceTree = SDKROOT; };
		97F914BF9A96C62C38818F9BC04672B0 /* Application.xib */ = {isa = PBXFileReference; fileEncoding = 4; lastKnownFileType = file.xib; path = Application.xib; sourceTree = "<group>"; };
		68B8C88C8CCDA2336792483F1A3D39AF /* Cocoa.framework */ = {isa = PBXFileReference; lastKnownFileType = wrapper.framework; name = Cocoa.framework; path = System/Library/Frameworks/Cocoa.framework; sourceTree = SDKROOT; };
		E25C88EDA18E4F75C357A78A2C68CC91 /* CoreGraphics.framework */ = {isa = PBXFileReference; lastKnownFileType = wrapper.framework; name = CoreGraphics.framework; path = Platforms/iPhoneOS.platform/Developer/SDKs/iPhoneOS6.1.sdk/System/Library/Frameworks/CoreGraphics.framework; sourceTree = DEVELOPER_DIR; };
		339E7B873EECA678EE962221321EFA68 /* Default-568h@2x.png */ = {isa = PBXFileReference; lastKnownFileType = image.png; path = "Default-568h@2x.png"; sourceTree = "<group>"; };
		14E113EF9CA9DD722E1B1C688E999564 /* Default.png */ = {isa = PBXFileReference; lastKnownFileType = image.png; path = Default.png; sourceTree = "<group>"; };
		48EEA3B2DE9256F7AD816A27999B8C24 /* Default@2x.png */ = {isa = PBXFileReference; lastKnownFileType = image.png; path = "Default@2x.png"; sourceTree = "<group>"; };
		7AA67947B20FF0B0AEE0F10EA2BC5E0E /* Foundation.framework */ = {isa = PBXFileReference; lastKnownFileType = wrapper.framework; name = Foundation.framework; path = System/Library/Frameworks/Foundation.framework; sourceTree = SDKROOT; };
		696D97E9A867DCED959BA5689464BC2D /* Icon-72.png */ = {isa = PBXFileReference; lastKnownFileType = image.png; path = "Icon-72.png"; sourceTree = "<group>"; };
		AE6CA773ABF172D892AFA5C6C4FDFAE1 /* Icon-72@2x.png */ = {isa = PBXFileReference; lastKnownFileType = image.png; path = "Icon-72@2x.png"; sourceTree = "<group>"; };
		E09837A651813E20AFE5B147BAE26CAF /* Icon@2x.png */ = {isa = PBXFileReference; lastKnownFileType = image.png; path = "Icon@2x.png"; sourceTree = "<group>"; };
		808599CF210A41C8D88C4F9E3EB53EF3 /* NWAppDelegate.h */ = {isa = PBXFileReference; fileEncoding = 4; lastKnownFileType = sourcecode.c.h; path = NWAppDelegate.h; sourceTree = "<group>"; };
		84064AD251DB246E063403E575593CF9 /* NWAppDelegate.h */ = {isa = PBXFileReference; fileEncoding = 4; lastKnownFileType = sourcecode.c.h; path = NWAppDelegate.h; sourceTree = "<group>"; };
		049C80CED9392B9E3EA29C06A7B04FD7 /* NWAppDelegate.m */ = {isa = PBXFileReference; fileEncoding = 4; lastKnownFileType = sourcecode.c.objc; path = NWAppDelegate.m; sourceTree = "<group>"; };
		496A3DB8F1103FDD461515E6C4315277 /* NWAppDelegate.m */ = {isa = PBXFileReference; fileEncoding = 4; lastKnownFileType = sourcecode.c.objc; path = NWAppDelegate.m; sourceTree = "<group>"; };
		3AB146779A28CB70FF53A1E8BDDA7D37 /* NWHub.h */ = {isa = PBXFileReference; fileEncoding = 4; lastKnownFileType = sourcecode.c.h; path = NWHub.h; sourceTree = "<group>"; };
		DB9B112C3BBE26299A5C382AC640BC38 /* NWHub.m */ = {isa = PBXFileReference; fileEncoding = 4; lastKnownFileType = sourcecode.c.objc; path = NWHub.m; sourceTree = "<group>"; };
		69802EEDFDB8DB1185B2FD220C5E59CD /* NWLCore.c */ = {isa = PBXFileReference; fileEncoding = 4; lastKnownFileType = sourcecode.c.c; name = NWLCore.c; path = Mac/NWLCore.c; sourceTree = SOURCE_ROOT; };
		5AE5DCED1C3DC44BB79D5D662687F853 /* NWLCore.h */ = {isa = PBXFileReference; fileEncoding = 4; lastKnownFileType = sourcecode.c.h; name = NWLCore.h; path = Mac/NWLCore.h; sourceTree = SOURCE_ROOT; };
		BA947E73E088777709D011DAA0893F2C /* NWNotification.h */ = {isa = PBXFileReference; fileEncoding = 4; lastKnownFileType = sourcecode.c.h; path = NWNotification.h; sourceTree = "<group>"; };
		2EE7C9FE9359DB3978B4844E574858AD /* NWNotification.m */ = {isa = PBXFileReference; fileEncoding = 4; lastKnownFileType = sourcecode.c.objc; path = NWNotification.m; sourceTree = "<group>"; };
		D6B7B1CD5300C3763F0F76225FECE875 /* NWPushFeedback.h */ = {isa = PBXFileReference; fileEncoding = 4; lastKnownFileType = sourcecode.c.h; path = NWPushFeedback.h; sourceTree = "<group>"; };
		1AD6BF8B96A464E5D28E739FCBCD2EE2 /* NWPushFeedback.m */ = {isa = PBXFileReference; fileEncoding = 4; lastKnownFileType = sourcecode.c.objc; path = NWPushFeedback.m; sourceTree = "<group>"; };
		EAEBB0A712785602647EDE79846353FA /* NWPusher.h */ = {isa = PBXFileReference; fileEncoding = 4; lastKnownFileType = sourcecode.c.h; path = NWPusher.h; sourceTree = "<group>"; };
		592C511044599C4548E6D6F046C979FE /* NWPusher.m */ = {isa = PBXFileReference; fileEncoding = 4; lastKnownFileType = sourcecode.c.objc; path = NWPusher.m; sourceTree = "<group>"; };
		2B70ACCDBE5C13C9C58B65E3CAB57945 /* NWSSLConnection.h */ = {isa = PBXFileReference; fileEncoding = 4; lastKnownFileType = sourcecode.c.h; path = NWSSLConnection.h; sourceTree = "<group>"; };
		87BF2248470B313F145E11D3821C487E /* NWSSLConnection.m */ = {isa = PBXFileReference; fileEncoding = 4; lastKnownFileType = sourcecode.c.objc; path = NWSSLConnection.m; sourceTree = "<group>"; };
		39F0CBABAECD2011008AC414C77A796F /* NWSecTools.h */ = {isa = PBXFileReference; fileEncoding = 4; lastKnownFileType = sourcecode.c.h; path = NWSecTools.h; sourceTree = "<group>"; };
		394857CC384C598C8FC13E37117A40E5 /* NWSecTools.m */ = {isa = PBXFileReference; fileEncoding = 4; lastKnownFileType = sourcecode.c.objc; path = NWSecTools.m; sourceTree = "<group>"; };
		9ABAD78AA630C80C39E92024A8DB2756 /* NWType.h */ = {isa = PBXFileReference; fileEncoding = 4; lastKnownFileType = sourcecode.c.h; path = NWType.h; sourceTree = "<group>"; };
		A9EE9CCB51ABFB0501D49781CE5C5171 /* NWType.m */ = {isa = PBXFileReference; fileEncoding = 4; lastKnownFileType = sourcecode.c.objc; path = NWType.m; sourceTree = "<group>"; };
		11BC446A9ED8212EEFAB971FA6A7923D /* PushTool-iOS.app */ = {isa = PBXFileReference; explicitFileType = wrapper.application; includeInIndex = 0; path = "PushTool-iOS.app"; sourceTree = BUILT_PRODUCTS_DIR; };
		94F64BD810C0552FD0A4C14CCF70C3ED /* PushTool.app */ = {isa = PBXFileReference; explicitFileType = wrapper.application; includeInIndex = 0; path = PushTool.app; sourceTree = BUILT_PRODUCTS_DIR; };
		3336FDA56D58539E73139CD99F755D0F /* PushToolMac-Info.plist */ = {isa = PBXFileReference; fileEncoding = 4; lastKnownFileType = text.plist.xml; path = "PushToolMac-Info.plist"; sourceTree = "<group>"; };
		D91C3507D26750EE36897B0B9F8B94A3 /* PushToolMac-Prefix.pch */ = {isa = PBXFileReference; fileEncoding = 4; lastKnownFileType = sourcecode.c.h; path = "PushToolMac-Prefix.pch"; sourceTree = "<group>"; };
		8A0A674ADE78789168774581553C7295 /* PushToolTouch-Info.plist */ = {isa = PBXFileReference; fileEncoding = 4; lastKnownFileType = text.plist.xml; path = "PushToolTouch-Info.plist"; sourceTree = "<group>"; };
		A37114C54AD67B5C634349026598B4EF /* PushToolTouch-Prefix.pch */ = {isa = PBXFileReference; fileEncoding = 4; lastKnownFileType = sourcecode.c.h; path = "PushToolTouch-Prefix.pch"; sourceTree = "<group>"; };
		DFFCD34B97EB589039FA2F46C7E6F081 /* README.md */ = {isa = PBXFileReference; fileEncoding = 4; lastKnownFileType = text; path = README.md; sourceTree = "<group>"; };
		658F71FE87626920A3229836F8D66988 /* Security.framework */ = {isa = PBXFileReference; lastKnownFileType = wrapper.framework; name = Security.framework; path = System/Library/Frameworks/Security.framework; sourceTree = SDKROOT; };
		32C51810266B72B3D5775CF12A959D56 /* UIKit.framework */ = {isa = PBXFileReference; lastKnownFileType = wrapper.framework; name = UIKit.framework; path = Platforms/iPhoneOS.platform/Developer/SDKs/iPhoneOS6.1.sdk/System/Library/Frameworks/UIKit.framework; sourceTree = DEVELOPER_DIR; };
		EA8D22879A390277C8EBCF3643C5C2AC /* config.plist */ = {isa = PBXFileReference; fileEncoding = 4; lastKnownFileType = text.plist.xml; path = config.plist; sourceTree = "<group>"; };
		A2C675D7B9EAD53F0BA27B73A162E40A /* icon.icns */ = {isa = PBXFileReference; lastKnownFileType = image.icns; path = icon.icns; sourceTree = "<group>"; };
		DA0BCF86B9CC8DED85BE9347432D6548 /* icon.png */ = {isa = PBXFileReference; lastKnownFileType = image.png; path = icon.png; sourceTree = "<group>"; };
		7C04EBBC0112A520592147863508B21C /* main.m */ = {isa = PBXFileReference; fileEncoding = 4; lastKnownFileType = sourcecode.c.objc; path = main.m; sourceTree = "<group>"; };
		C079B178B5B2239077B045C295FE6B26 /* main.m */ = {isa = PBXFileReference; fileEncoding = 4; lastKnownFileType = sourcecode.c.objc; path = main.m; sourceTree = "<group>"; };
/* End PBXFileReference section */

/* Begin PBXFrameworksBuildPhase section */
		798752C28920A18A4DD08C3C3EEF3B85 /* Frameworks */ = {
			isa = PBXFrameworksBuildPhase;
			buildActionMask = 2147483647;
			files = (
				07BA7B31259F1774118B9345DB9E888B /* CoreGraphics.framework in Frameworks */,
				85DF6F2E73F7EC1EA141C0E6A20CC9B2 /* Foundation.framework in Frameworks */,
				C0B65FDE6DE7BB52E7F3D37B226B0F53 /* Security.framework in Frameworks */,
				037EDD2B43689B7E1D73F243A6A3B079 /* UIKit.framework in Frameworks */,
			);
			runOnlyForDeploymentPostprocessing = 0;
		};
		9AE06B970D4186889FC07B4E6CFFB4AD /* Frameworks */ = {
			isa = PBXFrameworksBuildPhase;
			buildActionMask = 2147483647;
			files = (
				6C30CF126968AB86A7ED80E2DE35CF2C /* Cocoa.framework in Frameworks */,
				6315D14787C83D5942AE5C222A84A5D7 /* Security.framework in Frameworks */,
			);
			runOnlyForDeploymentPostprocessing = 0;
		};
/* End PBXFrameworksBuildPhase section */

/* Begin PBXGroup section */
		03DC86293678A02BC3E36A90BECE8D48 /* Touch */ = {
			isa = PBXGroup;
			children = (
				07FC9FD613E98305CBDE6AFF33A0F0FC /* Supporting Files */,
				808599CF210A41C8D88C4F9E3EB53EF3 /* NWAppDelegate.h */,
				496A3DB8F1103FDD461515E6C4315277 /* NWAppDelegate.m */,
				69802EEDFDB8DB1185B2FD220C5E59CD /* NWLCore.c */,
				5AE5DCED1C3DC44BB79D5D662687F853 /* NWLCore.h */,
			);
			path = Touch;
			sourceTree = "<group>";
		};
		07FC9FD613E98305CBDE6AFF33A0F0FC /* Supporting Files */ = {
			isa = PBXGroup;
			children = (
				339E7B873EECA678EE962221321EFA68 /* Default-568h@2x.png */,
				14E113EF9CA9DD722E1B1C688E999564 /* Default.png */,
				48EEA3B2DE9256F7AD816A27999B8C24 /* Default@2x.png */,
				696D97E9A867DCED959BA5689464BC2D /* Icon-72.png */,
				AE6CA773ABF172D892AFA5C6C4FDFAE1 /* Icon-72@2x.png */,
				E09837A651813E20AFE5B147BAE26CAF /* Icon@2x.png */,
				8A0A674ADE78789168774581553C7295 /* PushToolTouch-Info.plist */,
				A37114C54AD67B5C634349026598B4EF /* PushToolTouch-Prefix.pch */,
				DA0BCF86B9CC8DED85BE9347432D6548 /* icon.png */,
				7C04EBBC0112A520592147863508B21C /* main.m */,
			);
			name = "Supporting Files";
			sourceTree = "<group>";
		};
		5D44DE4A16580C2624CF506C05146E70 /* Frameworks */ = {
			isa = PBXGroup;
			children = (
				A347CF633AC3D0CDE521B7D62A20A804 /* AppKit.framework */,
				68B8C88C8CCDA2336792483F1A3D39AF /* Cocoa.framework */,
				E25C88EDA18E4F75C357A78A2C68CC91 /* CoreGraphics.framework */,
				7AA67947B20FF0B0AEE0F10EA2BC5E0E /* Foundation.framework */,
				658F71FE87626920A3229836F8D66988 /* Security.framework */,
				32C51810266B72B3D5775CF12A959D56 /* UIKit.framework */,
			);
			name = Frameworks;
			sourceTree = "<group>";
		};
		B1D116BD7DFDFD66849644CDAAEE17CA /* Source */ = {
			isa = PBXGroup;
			children = (
				3AB146779A28CB70FF53A1E8BDDA7D37 /* NWHub.h */,
				DB9B112C3BBE26299A5C382AC640BC38 /* NWHub.m */,
				BA947E73E088777709D011DAA0893F2C /* NWNotification.h */,
				2EE7C9FE9359DB3978B4844E574858AD /* NWNotification.m */,
				D6B7B1CD5300C3763F0F76225FECE875 /* NWPushFeedback.h */,
				1AD6BF8B96A464E5D28E739FCBCD2EE2 /* NWPushFeedback.m */,
				EAEBB0A712785602647EDE79846353FA /* NWPusher.h */,
				592C511044599C4548E6D6F046C979FE /* NWPusher.m */,
				2B70ACCDBE5C13C9C58B65E3CAB57945 /* NWSSLConnection.h */,
				87BF2248470B313F145E11D3821C487E /* NWSSLConnection.m */,
				39F0CBABAECD2011008AC414C77A796F /* NWSecTools.h */,
				394857CC384C598C8FC13E37117A40E5 /* NWSecTools.m */,
				9ABAD78AA630C80C39E92024A8DB2756 /* NWType.h */,
				A9EE9CCB51ABFB0501D49781CE5C5171 /* NWType.m */,
			);
			path = Source;
			sourceTree = "<group>";
		};
		BD1A693E3C4E73479A4A3D5AEF4097A4 /* Products */ = {
			isa = PBXGroup;
			children = (
				11BC446A9ED8212EEFAB971FA6A7923D /* PushTool-iOS.app */,
				94F64BD810C0552FD0A4C14CCF70C3ED /* PushTool.app */,
			);
			name = Products;
			sourceTree = "<group>";
		};
		C0F5CF051DDFC5AFACC67BB2D26AF935 = {
			isa = PBXGroup;
			children = (
				5D44DE4A16580C2624CF506C05146E70 /* Frameworks */,
				C9A8FEEFF1F4D0F0A858E9E86A95839B /* Mac */,
				BD1A693E3C4E73479A4A3D5AEF4097A4 /* Products */,
				B1D116BD7DFDFD66849644CDAAEE17CA /* Source */,
				03DC86293678A02BC3E36A90BECE8D48 /* Touch */,
				DFFCD34B97EB589039FA2F46C7E6F081 /* README.md */,
			);
			sourceTree = "<group>";
		};
		C9A8FEEFF1F4D0F0A858E9E86A95839B /* Mac */ = {
			isa = PBXGroup;
			children = (
				ECF689000434019E5B6E306EE2953805 /* Supporting Files */,
				97F914BF9A96C62C38818F9BC04672B0 /* Application.xib */,
				84064AD251DB246E063403E575593CF9 /* NWAppDelegate.h */,
				049C80CED9392B9E3EA29C06A7B04FD7 /* NWAppDelegate.m */,
				EA8D22879A390277C8EBCF3643C5C2AC /* config.plist */,
			);
			path = Mac;
			sourceTree = "<group>";
		};
		ECF689000434019E5B6E306EE2953805 /* Supporting Files */ = {
			isa = PBXGroup;
			children = (
				3336FDA56D58539E73139CD99F755D0F /* PushToolMac-Info.plist */,
				D91C3507D26750EE36897B0B9F8B94A3 /* PushToolMac-Prefix.pch */,
				A2C675D7B9EAD53F0BA27B73A162E40A /* icon.icns */,
				C079B178B5B2239077B045C295FE6B26 /* main.m */,
			);
			name = "Supporting Files";
			sourceTree = "<group>";
		};
/* End PBXGroup section */

/* Begin PBXNativeTarget section */
		4C4F333727553ED96B2BD9E5327CD5F5 /* PushTool-macOS */ = {
			isa = PBXNativeTarget;
			buildConfigurationList = F59CEEC7908DD4287B7D12D6C97D0AB5 /* Build configuration list for PBXNativeTarget "PushTool-macOS" */;
			buildPhases = (
				EE6EE39BD3E632CAA082C4F29D7FC47A /* Sources */,
				9AE06B970D4186889FC07B4E6CFFB4AD /* Frameworks */,
				CE59149861910180EE0331862A0F758E /* Resources */,
				4D077E4E9DCD95B06485AA50A86C7C52 /* Embed Frameworks */,
			);
			buildRules = (
			);
			dependencies = (
			);
			name = "PushTool-macOS";
			productName = Pusher;
			productReference = 94F64BD810C0552FD0A4C14CCF70C3ED /* PushTool.app */;
			productType = "com.apple.product-type.application";
		};
		F2A43D4759A09338023CC0184E226C68 /* PushTool-iOS */ = {
			isa = PBXNativeTarget;
			buildConfigurationList = 1B3F9A8864F3E22C49405B343986506C /* Build configuration list for PBXNativeTarget "PushTool-iOS" */;
			buildPhases = (
				9CEEFFB105BDD3277648F02022EC3B11 /* Sources */,
				798752C28920A18A4DD08C3C3EEF3B85 /* Frameworks */,
				B6EDD7230228574C82923B9834AFB735 /* Resources */,
				B42F072AD621AE87753C6CA382B7BEA4 /* Embed Frameworks */,
			);
			buildRules = (
			);
			dependencies = (
			);
			name = "PushTool-iOS";
			productName = PusherTouch;
			productReference = 11BC446A9ED8212EEFAB971FA6A7923D /* PushTool-iOS.app */;
			productType = "com.apple.product-type.application";
		};
/* End PBXNativeTarget section */

/* Begin PBXProject section */
		249EA1D406BFEFAE3143060E00AFB762 /* Project object */ = {
			isa = PBXProject;
			attributes = {
				CLASSPREFIX = NW;
				LastUpgradeCheck = 0920;
				ORGANIZATIONNAME = Andela;
			};
			buildConfigurationList = 4335BA8FAFE51AA4C506BEC5E36BA63A /* Build configuration list for PBXProject "PushTool" */;
			compatibilityVersion = "Xcode 8.0";
			developmentRegion = English;
			hasScannedForEncodings = 0;
			knownRegions = (
				en,
			);
			mainGroup = C0F5CF051DDFC5AFACC67BB2D26AF935;
			productRefGroup = BD1A693E3C4E73479A4A3D5AEF4097A4 /* Products */;
			projectDirPath = "";
			projectRoot = "";
			targets = (
				4C4F333727553ED96B2BD9E5327CD5F5 /* PushTool-macOS */,
				F2A43D4759A09338023CC0184E226C68 /* PushTool-iOS */,
			);
		};
/* End PBXProject section */

/* Begin PBXResourcesBuildPhase section */
		CE59149861910180EE0331862A0F758E /* Resources */ = {
			isa = PBXResourcesBuildPhase;
			buildActionMask = 2147483647;
			files = (
				7CF01F7F019F8CB16D71E5D2CFCC83CD /* Application.xib in Resources */,
				E231C0FE439040506E058213AF107332 /* README.md in Resources */,
				17C5462819315711E973E077D700BD16 /* config.plist in Resources */,
				6BFFF771E1DA0900D4347051D13E075B /* icon.icns in Resources */,
			);
			runOnlyForDeploymentPostprocessing = 0;
		};
		B6EDD7230228574C82923B9834AFB735 /* Resources */ = {
			isa = PBXResourcesBuildPhase;
			buildActionMask = 2147483647;
			files = (
				C96933BA97E7E6F00AC779B5A075CA4F /* Default-568h@2x.png in Resources */,
				60394ACEB146B230EA7E94F04CB7A3A3 /* Default.png in Resources */,
				4075758F0EF1FC460CD48A378298DB9E /* Default@2x.png in Resources */,
				3F5E65B3AC12B11A8E14C0D3EA9F45BF /* Icon-72.png in Resources */,
				8970832F94DEF946F8AC93B4DAC1643D /* Icon-72@2x.png in Resources */,
				84D9668B34D21557B68930CF74A9CD0A /* Icon@2x.png in Resources */,
				4A502FC03236A7A9857082B9EBDEA522 /* README.md in Resources */,
				0BD849D3980CEA64F30E837F1709C9F3 /* icon.png in Resources */,
			);
			runOnlyForDeploymentPostprocessing = 0;
		};
/* End PBXResourcesBuildPhase section */

/* Begin PBXSourcesBuildPhase section */
		EE6EE39BD3E632CAA082C4F29D7FC47A /* Sources */ = {
			isa = PBXSourcesBuildPhase;
			buildActionMask = 2147483647;
			files = (
				D8CA0283DC3DC5B9403148612B2A3F23 /* NWAppDelegate.m in Sources */,
				F0557F40EC98D093AD33E049228E14E3 /* NWHub.m in Sources */,
				D41C1E84A22DB507C447723CFE65EC0A /* NWLCore.c in Sources */,
				39100E9ACEF513E09621D62414DA74FB /* NWNotification.m in Sources */,
				30EA9D831EEBF05823F9F7421AEEBF3A /* NWPushFeedback.m in Sources */,
				C7C6F33019660D16382BA1DF22111EA4 /* NWPusher.m in Sources */,
				6D3D8756626AA0DA596A72AFBF104CA5 /* NWSSLConnection.m in Sources */,
				9B9FC7C7222906F0F09CBA90BA63FB9E /* NWSecTools.m in Sources */,
				10D51C043DB1F76833C717D13BBE38C0 /* NWType.m in Sources */,
				B91C45DB899573F6606B42199EC149C4 /* main.m in Sources */,
			);
			runOnlyForDeploymentPostprocessing = 0;
		};
		9CEEFFB105BDD3277648F02022EC3B11 /* Sources */ = {
			isa = PBXSourcesBuildPhase;
			buildActionMask = 2147483647;
			files = (
				3438822F46F23873C387389030C5F27E /* NWAppDelegate.m in Sources */,
				CDB66CAA955369B0FA03D30051842A11 /* NWHub.m in Sources */,
				D6DE0084D9105532E923DE87245D878B /* NWLCore.c in Sources */,
				0FDFDF6F0B5807805B11424FDD277A6E /* NWNotification.m in Sources */,
				2DB1F72A1DBD25864D3FF1E137BE9F75 /* NWPushFeedback.m in Sources */,
				D993025C5FFA1693C8AEC1AE898CFB49 /* NWPusher.m in Sources */,
				3660BAE560740B47D84DEB1EFE72A915 /* NWSSLConnection.m in Sources */,
				30863083D4E77D3DFB249208054438AE /* NWSecTools.m in Sources */,
				620BBAAE6847C33628B5BB94279D735A /* NWType.m in Sources */,
				2B0FBB69ED57964FA6349D85E0EEF0AD /* main.m in Sources */,
			);
			runOnlyForDeploymentPostprocessing = 0;
		};
/* End PBXSourcesBuildPhase section */

/* Begin XCBuildConfiguration section */
		E5976D8F29E1A8FB03392B7AC1878D83 /* Release */ = {
			isa = XCBuildConfiguration;
			buildSettings = {
				CLANG_CXX_LIBRARY = "libc++";
				CLANG_WARN_CONSTANT_CONVERSION = YES;
				CLANG_WARN_EMPTY_BODY = YES;
				CLANG_WARN_ENUM_CONVERSION = YES;
				CLANG_WARN_INT_CONVERSION = YES;
				"CODE_SIGN_IDENTITY[sdk=iphoneos*]" = "iPhone Developer";
				DEVELOPMENT_TEAM = 7688PWZMS6;
				FRAMEWORK_SEARCH_PATHS = (
					"$(inherited)",
					"\"$(SYSTEM_APPS_DIR)/Xcode.app/Contents/Developer/Library/Frameworks\"",
				);
				GCC_PRECOMPILE_PREFIX_HEADER = YES;
				GCC_PREFIX_HEADER = "Touch/PushToolTouch-Prefix.pch";
				GCC_PREPROCESSOR_DEFINITIONS = "NWL_LIB=PushTool";
				INFOPLIST_FILE = "Touch/PushToolTouch-Info.plist";
				IPHONEOS_DEPLOYMENT_TARGET = 10.0;
				LD_RUNPATH_SEARCH_PATHS = "$(inherited) @executable_path/Frameworks";
				OTHER_CFLAGS = "-DNS_BLOCK_ASSERTIONS=1";
				PRODUCT_BUNDLE_IDENTIFIER = com.andela.PushTool;
				PRODUCT_NAME = "$(TARGET_NAME)";
				SDKROOT = iphoneos;
				TARGETED_DEVICE_FAMILY = "1,2";
				VALIDATE_PRODUCT = YES;
				WRAPPER_EXTENSION = app;
			};
			name = Release;
		};
		593FBB12A0158EFD2499034CB061AF6C /* Debug */ = {
			isa = XCBuildConfiguration;
			buildSettings = {
				CODE_SIGN_IDENTITY = "-";
				COMBINE_HIDPI_IMAGES = YES;
				GCC_PRECOMPILE_PREFIX_HEADER = YES;
				GCC_PREFIX_HEADER = "Mac/PushToolMac-Prefix.pch";
				GCC_PREPROCESSOR_DEFINITIONS = (
					"NWL_LIB=PushTool",
					"$(inherited)",
				);
				INFOPLIST_FILE = "Mac/PushToolMac-Info.plist";
				LD_RUNPATH_SEARCH_PATHS = "$(inherited) @executable_path/../Frameworks";
				MACOSX_DEPLOYMENT_TARGET = 10.7;
				PRODUCT_BUNDLE_IDENTIFIER = "com.andela.${PRODUCT_NAME:rfc1034identifier}";
				PRODUCT_NAME = PushTool;
				WRAPPER_EXTENSION = app;
			};
			name = Debug;
		};
		AD87ADA896EAD092EDEECDCEACC5E6AA /* Release */ = {
			isa = XCBuildConfiguration;
			buildSettings = {
				ALWAYS_SEARCH_USER_PATHS = NO;
				CLANG_CXX_LANGUAGE_STANDARD = "gnu++0x";
				CLANG_ENABLE_OBJC_ARC = YES;
				CLANG_WARN_BLOCK_CAPTURE_AUTORELEASING = YES;
				CLANG_WARN_BOOL_CONVERSION = YES;
				CLANG_WARN_COMMA = YES;
				CLANG_WARN_CONSTANT_CONVERSION = YES;
				CLANG_WARN_EMPTY_BODY = YES;
				CLANG_WARN_ENUM_CONVERSION = YES;
				CLANG_WARN_INFINITE_RECURSION = YES;
				CLANG_WARN_INT_CONVERSION = YES;
				CLANG_WARN_NON_LITERAL_NULL_CONVERSION = YES;
				CLANG_WARN_OBJC_LITERAL_CONVERSION = YES;
				CLANG_WARN_RANGE_LOOP_ANALYSIS = YES;
				CLANG_WARN_STRICT_PROTOTYPES = YES;
				CLANG_WARN_SUSPICIOUS_MOVE = YES;
				CLANG_WARN_UNREACHABLE_CODE = YES;
				CLANG_WARN__DUPLICATE_METHOD_MATCH = YES;
				COPY_PHASE_STRIP = YES;
				DEBUG_INFORMATION_FORMAT = "dwarf-with-dsym";
				ENABLE_STRICT_OBJC_MSGSEND = YES;
				GCC_C_LANGUAGE_STANDARD = gnu99;
				GCC_ENABLE_OBJC_EXCEPTIONS = YES;
				GCC_NO_COMMON_BLOCKS = YES;
				GCC_WARN_64_TO_32_BIT_CONVERSION = YES;
				GCC_WARN_ABOUT_RETURN_TYPE = YES;
				GCC_WARN_UNDECLARED_SELECTOR = YES;
				GCC_WARN_UNINITIALIZED_AUTOS = YES;
				GCC_WARN_UNUSED_FUNCTION = YES;
				GCC_WARN_UNUSED_VARIABLE = YES;
				MACOSX_DEPLOYMENT_TARGET = 10.8;
				SDKROOT = macosx;
			};
			name = Release;
		};
		6BDC67F08D1321AB83D2C8E33434DFC5 /* Release */ = {
			isa = XCBuildConfiguration;
			buildSettings = {
				CODE_SIGN_IDENTITY = "-";
				COMBINE_HIDPI_IMAGES = YES;
				GCC_PRECOMPILE_PREFIX_HEADER = YES;
				GCC_PREFIX_HEADER = "Mac/PushToolMac-Prefix.pch";
				GCC_PREPROCESSOR_DEFINITIONS = (
					"NWL_LIB=PushTool",
					"$(inherited)",
				);
				INFOPLIST_FILE = "Mac/PushToolMac-Info.plist";
				LD_RUNPATH_SEARCH_PATHS = "$(inherited) @executable_path/../Frameworks";
				MACOSX_DEPLOYMENT_TARGET = 10.7;
				PRODUCT_BUNDLE_IDENTIFIER = "com.andela.${PRODUCT_NAME:rfc1034identifier}";
				PRODUCT_NAME = PushTool;
				WRAPPER_EXTENSION = app;
			};
			name = Release;
		};
		D8A1412A384D795D5F093B33582047A3 /* Debug */ = {
			isa = XCBuildConfiguration;
			buildSettings = {
				ALWAYS_SEARCH_USER_PATHS = NO;
				CLANG_CXX_LANGUAGE_STANDARD = "gnu++0x";
				CLANG_ENABLE_OBJC_ARC = YES;
				CLANG_WARN_BLOCK_CAPTURE_AUTORELEASING = YES;
				CLANG_WARN_BOOL_CONVERSION = YES;
				CLANG_WARN_COMMA = YES;
				CLANG_WARN_CONSTANT_CONVERSION = YES;
				CLANG_WARN_EMPTY_BODY = YES;
				CLANG_WARN_ENUM_CONVERSION = YES;
				CLANG_WARN_INFINITE_RECURSION = YES;
				CLANG_WARN_INT_CONVERSION = YES;
				CLANG_WARN_NON_LITERAL_NULL_CONVERSION = YES;
				CLANG_WARN_OBJC_LITERAL_CONVERSION = YES;
				CLANG_WARN_RANGE_LOOP_ANALYSIS = YES;
				CLANG_WARN_STRICT_PROTOTYPES = YES;
				CLANG_WARN_SUSPICIOUS_MOVE = YES;
				CLANG_WARN_UNREACHABLE_CODE = YES;
				CLANG_WARN__DUPLICATE_METHOD_MATCH = YES;
				COPY_PHASE_STRIP = NO;
				ENABLE_STRICT_OBJC_MSGSEND = YES;
				ENABLE_TESTABILITY = YES;
				GCC_C_LANGUAGE_STANDARD = gnu99;
				GCC_DYNAMIC_NO_PIC = NO;
				GCC_ENABLE_OBJC_EXCEPTIONS = YES;
				GCC_NO_COMMON_BLOCKS = YES;
				GCC_OPTIMIZATION_LEVEL = 0;
				GCC_PREPROCESSOR_DEFINITIONS = (
					"DEBUG=1",
					"$(inherited)",
				);
				GCC_SYMBOLS_PRIVATE_EXTERN = NO;
				GCC_WARN_64_TO_32_BIT_CONVERSION = YES;
				GCC_WARN_ABOUT_RETURN_TYPE = YES;
				GCC_WARN_UNDECLARED_SELECTOR = YES;
				GCC_WARN_UNINITIALIZED_AUTOS = YES;
				GCC_WARN_UNUSED_FUNCTION = YES;
				GCC_WARN_UNUSED_VARIABLE = YES;
				MACOSX_DEPLOYMENT_TARGET = 10.8;
				ONLY_ACTIVE_ARCH = YES;
				SDKROOT = macosx;
			};
			name = Debug;
		};
		A9236675585E336471A0DAFBB7D35177 /* Debug */ = {
			isa = XCBuildConfiguration;
			buildSettings = {
				CLANG_CXX_LIBRARY = "libc++";
				CLANG_WARN_CONSTANT_CONVERSION = YES;
				CLANG_WARN_EMPTY_BODY = YES;
				CLANG_WARN_ENUM_CONVERSION = YES;
				CLANG_WARN_INT_CONVERSION = YES;
				"CODE_SIGN_IDENTITY[sdk=iphoneos*]" = "iPhone Developer";
				DEVELOPMENT_TEAM = 7688PWZMS6;
				FRAMEWORK_SEARCH_PATHS = (
					"$(inherited)",
					"\"$(SYSTEM_APPS_DIR)/Xcode.app/Contents/Developer/Library/Frameworks\"",
				);
				GCC_PRECOMPILE_PREFIX_HEADER = YES;
				GCC_PREFIX_HEADER = "Touch/PushToolTouch-Prefix.pch";
				GCC_PREPROCESSOR_DEFINITIONS = (
					"NWL_LIB=PushTool",
					"$(inherited)",
				);
				INFOPLIST_FILE = "Touch/PushToolTouch-Info.plist";
				IPHONEOS_DEPLOYMENT_TARGET = 10.0;
				LD_RUNPATH_SEARCH_PATHS = "$(inherited) @executable_path/Frameworks";
				PRODUCT_BUNDLE_IDENTIFIER = com.andela.PushTool;
				PRODUCT_NAME = "$(TARGET_NAME)";
				SDKROOT = iphoneos;
				TARGETED_DEVICE_FAMILY = "1,2";
				WRAPPER_EXTENSION = app;
			};
			name = Debug;
		};
/* End XCBuildConfiguration section */

/* Begin XCConfigurationList section */
		F59CEEC7908DD4287B7D12D6C97D0AB5 /* Build configuration list for PBXNativeTarget "PushTool-macOS" */ = {
			isa = XCConfigurationList;
			buildConfigurations = (
				593FBB12A0158EFD2499034CB061AF6C /* Debug */,
				6BDC67F08D1321AB83D2C8E33434DFC5 /* Release */,
			);
			defaultConfigurationIsVisible = 0;
			defaultConfigurationName = Release;
		};
		4335BA8FAFE51AA4C506BEC5E36BA63A /* Build configuration list for PBXProject "PushTool" */ = {
			isa = XCConfigurationList;
			buildConfigurations = (
				D8A1412A384D795D5F093B33582047A3 /* Debug */,
				AD87ADA896EAD092EDEECDCEACC5E6AA /* Release */,
			);
			defaultConfigurationIsVisible = 0;
			defaultConfigurationName = Release;
		};
		1B3F9A8864F3E22C49405B343986506C /* Build configuration list for PBXNativeTarget "PushTool-iOS" */ = {
			isa = XCConfigurationList;
			buildConfigurations = (
				A9236675585E336471A0DAFBB7D35177 /* Debug */,
				E5976D8F29E1A8FB03392B7AC1878D83 /* Release */,
			);
			defaultConfigurationIsVisible = 0;
			defaultConfigurationName = Release;
		};
/* End XCConfigurationList section */
	};
	rootObject = 249EA1D406BFEFAE3143060E00AFB762 /* Project object */;
}
