// !$*UTF8*$!
{
	archiveVersion = 1;
	classes = {
	};
	objectVersion = 48;
	objects = {

/* Begin PBXAggregateTarget section */
		CCB78D094D2D383149AFB5455DD3F943 /* PushTool */ = {
			isa = PBXAggregateTarget;
			buildConfigurationList = CBD3BBF8FD48CB94FFFC9F4E8869C799 /* Build configuration list for PBXAggregateTarget "PushTool" */;
			buildPhases = (
			);
			dependencies = (
				24CE16BF578BA6FF46511AEC7F1D788F /* PBXTargetDependency */,
				D155C9155FFAA55BF6D16601E0638FDF /* PBXTargetDependency */,
			);
			name = PushTool;
			productName = PushTool;
		};
/* End PBXAggregateTarget section */

/* Begin PBXBuildFile section */
		ABCB519E2A42297B53B541583ED79F8B /* AppDelegate.swift in Sources */ = {isa = PBXBuildFile; fileRef = B9320C56A06E97BC5082C7655DFDEDB6 /* AppDelegate.swift */; };
		18B38194738A167BF5725EFA71E598B5 /* Application.xib in Resources */ = {isa = PBXBuildFile; fileRef = E020A7134FAA38CB633FAD318BEC8BC8 /* Application.xib */; };
		36D54B2CC763F636A6F5C8721EC3DA72 /* Assets.xcassets in Resources */ = {isa = PBXBuildFile; fileRef = 9725BE8AFC926D48D7533C2C3092D064 /* Assets.xcassets */; };
		9FFD9865D421E2102537DDBE315C7628 /* Assets.xcassets in Resources */ = {isa = PBXBuildFile; fileRef = 9725BE8AFC926D48D7533C2C3092D064 /* Assets.xcassets */; };
		5488FEFACD09F056A806A4A2B44F51CE /* CertType.swift in Sources */ = {isa = PBXBuildFile; fileRef = A72095B91071C6D557C03C6392C4A27D /* CertType.swift */; };
		A914E512BF63EF2708D511E40497FF16 /* CertType.swift in Sources */ = {isa = PBXBuildFile; fileRef = A72095B91071C6D557C03C6392C4A27D /* CertType.swift */; };
		6C30CF126968AB86A7ED80E2DE35CF2C /* Cocoa.framework in Frameworks */ = {isa = PBXBuildFile; fileRef = 68B8C88C8CCDA2336792483F1A3D39AF /* Cocoa.framework */; };
		07BA7B31259F1774118B9345DB9E888B /* CoreGraphics.framework in Frameworks */ = {isa = PBXBuildFile; fileRef = E25C88EDA18E4F75C357A78A2C68CC91 /* CoreGraphics.framework */; };
		9B3B6748BDD9319E08404E2221ED1531 /* Environment.swift in Sources */ = {isa = PBXBuildFile; fileRef = 5EF64B2B6C7FDADC99FAF94F5888CE4A /* Environment.swift */; };
		A402D98B56FE9CFCB3E9E70FD98A37B7 /* Environment.swift in Sources */ = {isa = PBXBuildFile; fileRef = 5EF64B2B6C7FDADC99FAF94F5888CE4A /* Environment.swift */; };
		717DD6BF104390DA4CC541A5540EA809 /* EnvironmentOptions.swift in Sources */ = {isa = PBXBuildFile; fileRef = 049FC01005B5DD7BA19D84C34AF8C9E2 /* EnvironmentOptions.swift */; };
		F4A35FCE0407DEB0D2D8A9A5602F0336 /* EnvironmentOptions.swift in Sources */ = {isa = PBXBuildFile; fileRef = 049FC01005B5DD7BA19D84C34AF8C9E2 /* EnvironmentOptions.swift */; };
		85DF6F2E73F7EC1EA141C0E6A20CC9B2 /* Foundation.framework in Frameworks */ = {isa = PBXBuildFile; fileRef = 7AA67947B20FF0B0AEE0F10EA2BC5E0E /* Foundation.framework */; };
		4ABB3B770AC0B392A89477B0B198F7C8 /* Hub.swift in Sources */ = {isa = PBXBuildFile; fileRef = E75F0A205C77E96099A9E06389415C77 /* Hub.swift */; };
		B991EC6388CB9D72A43B33DC03D32256 /* Hub.swift in Sources */ = {isa = PBXBuildFile; fileRef = E75F0A205C77E96099A9E06389415C77 /* Hub.swift */; };
		D33F67563375169E6EE2CD19E813FD32 /* LaunchScreen.storyboard in Resources */ = {isa = PBXBuildFile; fileRef = B9D6BB0726A865898814717EF07E73F5 /* LaunchScreen.storyboard */; };
		1DA11F25D63D240E1879DDCA0D15407F /* NWAppDelegate.m in Sources */ = {isa = PBXBuildFile; fileRef = 4B64673D673059758B10A24E01DC3C19 /* NWAppDelegate.m */; };
		3660BAE560740B47D84DEB1EFE72A915 /* NWSSLConnection.m in Sources */ = {isa = PBXBuildFile; fileRef = 87BF2248470B313F145E11D3821C487E /* NWSSLConnection.m */; };
		6D3D8756626AA0DA596A72AFBF104CA5 /* NWSSLConnection.m in Sources */ = {isa = PBXBuildFile; fileRef = 87BF2248470B313F145E11D3821C487E /* NWSSLConnection.m */; };
		10D51C043DB1F76833C717D13BBE38C0 /* NWType.m in Sources */ = {isa = PBXBuildFile; fileRef = A9EE9CCB51ABFB0501D49781CE5C5171 /* NWType.m */; };
		620BBAAE6847C33628B5BB94279D735A /* NWType.m in Sources */ = {isa = PBXBuildFile; fileRef = A9EE9CCB51ABFB0501D49781CE5C5171 /* NWType.m */; };
		4841FEE227A3C40336C1F774963E21BB /* Notification.swift in Sources */ = {isa = PBXBuildFile; fileRef = D94A48939C7B38170911247110839411 /* Notification.swift */; };
		FC0A678E18435EFF9410A285556A5C2E /* Notification.swift in Sources */ = {isa = PBXBuildFile; fileRef = D94A48939C7B38170911247110839411 /* Notification.swift */; };
		11DE77AD06C997404BEC9F9D1D05025B /* PushError.swift in Sources */ = {isa = PBXBuildFile; fileRef = 6F6FC2AB9998AD38A53EAD639B99A4E9 /* PushError.swift */; };
		5D70C80E7D707496CBEBAA7A5B4FDF75 /* PushError.swift in Sources */ = {isa = PBXBuildFile; fileRef = 6F6FC2AB9998AD38A53EAD639B99A4E9 /* PushError.swift */; };
		7A01DAA5CE5CF36769A54C76383FF325 /* PushFeedback.swift in Sources */ = {isa = PBXBuildFile; fileRef = 82E374DF8D0EE973C422FF62E0185B2F /* PushFeedback.swift */; };
		E0AF842A33E8C3A1A33B1B8728B4B7BF /* PushFeedback.swift in Sources */ = {isa = PBXBuildFile; fileRef = 82E374DF8D0EE973C422FF62E0185B2F /* PushFeedback.swift */; };
		123BBCE517D6D5EF48C46861046EEA1F /* Pusher.swift in Sources */ = {isa = PBXBuildFile; fileRef = 891FB75E76772E6DBD6B5AE5CD087511 /* Pusher.swift */; };
		27FB77F9807A29E312E18DFCF5456812 /* Pusher.swift in Sources */ = {isa = PBXBuildFile; fileRef = 891FB75E76772E6DBD6B5AE5CD087511 /* Pusher.swift */; };
		00416D616191F6FE7D9E6A1F4B2B4B10 /* PusherViewController.swift in Sources */ = {isa = PBXBuildFile; fileRef = 778E9B636B19F655FFA72B659C33A07C /* PusherViewController.swift */; };
		4A502FC03236A7A9857082B9EBDEA522 /* README.md in Resources */ = {isa = PBXBuildFile; fileRef = DFFCD34B97EB589039FA2F46C7E6F081 /* README.md */; };
		E231C0FE439040506E058213AF107332 /* README.md in Resources */ = {isa = PBXBuildFile; fileRef = DFFCD34B97EB589039FA2F46C7E6F081 /* README.md */; };
		4B28467FC05ECD408923D0C39BCC4F19 /* SecTools.swift in Sources */ = {isa = PBXBuildFile; fileRef = 493F5369E55852A49894F76692217563 /* SecTools.swift */; };
		B4EAF08DDE6A95460F408DEDFB81A65B /* SecTools.swift in Sources */ = {isa = PBXBuildFile; fileRef = 493F5369E55852A49894F76692217563 /* SecTools.swift */; };
		6315D14787C83D5942AE5C222A84A5D7 /* Security.framework in Frameworks */ = {isa = PBXBuildFile; fileRef = 658F71FE87626920A3229836F8D66988 /* Security.framework */; };
		C0B65FDE6DE7BB52E7F3D37B226B0F53 /* Security.framework in Frameworks */ = {isa = PBXBuildFile; fileRef = 658F71FE87626920A3229836F8D66988 /* Security.framework */; };
		A753C6A26F38B04BD364B1EF50CA719B /* Type.swift in Sources */ = {isa = PBXBuildFile; fileRef = 1FAE6CB6660E993878E18FB5F36BC3E0 /* Type.swift */; };
		BF9FA9B727985DFF910A43EC6E4B964D /* Type.swift in Sources */ = {isa = PBXBuildFile; fileRef = 1FAE6CB6660E993878E18FB5F36BC3E0 /* Type.swift */; };
		037EDD2B43689B7E1D73F243A6A3B079 /* UIKit.framework in Frameworks */ = {isa = PBXBuildFile; fileRef = 32C51810266B72B3D5775CF12A959D56 /* UIKit.framework */; };
		827A6E0369D3A6D0D2E2DB64CC8B38DE /* config.plist in Resources */ = {isa = PBXBuildFile; fileRef = 57ABB956A0E29E7BE34F8E2929F84168 /* config.plist */; };
		D594D2C57D2060F8FC035DC54EF88BE7 /* config.plist in Resources */ = {isa = PBXBuildFile; fileRef = 57ABB956A0E29E7BE34F8E2929F84168 /* config.plist */; };
		0114C9AF57C812FA943F2241116693F8 /* main.m in Sources */ = {isa = PBXBuildFile; fileRef = 4C441803E081F0BA8EA2F316A89204A8 /* main.m */; };
/* End PBXBuildFile section */

/* Begin PBXContainerItemProxy section */
		673BFBC39E05F1FA1FF0C4D7893B31EC /* PBXContainerItemProxy */ = {
			isa = PBXContainerItemProxy;
			containerPortal = 249EA1D406BFEFAE3143060E00AFB762 /* Project object */;
			proxyType = 1;
			remoteGlobalIDString = F2A43D4759A09338023CC0184E226C68;
			remoteInfo = "PushTool-iOS";
		};
		FFD67C246FF3B2E9A018AC4FE4D551E6 /* PBXContainerItemProxy */ = {
			isa = PBXContainerItemProxy;
			containerPortal = 249EA1D406BFEFAE3143060E00AFB762 /* Project object */;
			proxyType = 1;
			remoteGlobalIDString = 4C4F333727553ED96B2BD9E5327CD5F5;
			remoteInfo = "PushTool-macOS";
		};
/* End PBXContainerItemProxy section */

/* Begin PBXCopyFilesBuildPhase section */
		4D077E4E9DCD95B06485AA50A86C7C52 /* Embed Frameworks */ = {
			isa = PBXCopyFilesBuildPhase;
			buildActionMask = 2147483647;
			dstPath = "";
			dstSubfolderSpec = 10;
			files = (
			);
			name = "Embed Frameworks";
			runOnlyForDeploymentPostprocessing = 0;
		};
		B42F072AD621AE87753C6CA382B7BEA4 /* Embed Frameworks */ = {
			isa = PBXCopyFilesBuildPhase;
			buildActionMask = 2147483647;
			dstPath = "";
			dstSubfolderSpec = 10;
			files = (
			);
			name = "Embed Frameworks";
			runOnlyForDeploymentPostprocessing = 0;
		};
/* End PBXCopyFilesBuildPhase section */

/* Begin PBXFileReference section */
		B9320C56A06E97BC5082C7655DFDEDB6 /* AppDelegate.swift */ = {isa = PBXFileReference; lastKnownFileType = sourcecode.swift; path = AppDelegate.swift; sourceTree = "<group>"; };
		A347CF633AC3D0CDE521B7D62A20A804 /* AppKit.framework */ = {isa = PBXFileReference; lastKnownFileType = wrapper.framework; name = AppKit.framework; path = System/Library/Frameworks/AppKit.framework; sourceTree = SDKROOT; };
		E020A7134FAA38CB633FAD318BEC8BC8 /* Application.xib */ = {isa = PBXFileReference; lastKnownFileType = file.xib; path = Application.xib; sourceTree = "<group>"; };
		9725BE8AFC926D48D7533C2C3092D064 /* Assets.xcassets */ = {isa = PBXFileReference; lastKnownFileType = folder.assetcatalog; path = Assets.xcassets; sourceTree = "<group>"; };
		A72095B91071C6D557C03C6392C4A27D /* CertType.swift */ = {isa = PBXFileReference; fileEncoding = 4; lastKnownFileType = sourcecode.swift; path = CertType.swift; sourceTree = "<group>"; };
		68B8C88C8CCDA2336792483F1A3D39AF /* Cocoa.framework */ = {isa = PBXFileReference; lastKnownFileType = wrapper.framework; name = Cocoa.framework; path = System/Library/Frameworks/Cocoa.framework; sourceTree = SDKROOT; };
		E25C88EDA18E4F75C357A78A2C68CC91 /* CoreGraphics.framework */ = {isa = PBXFileReference; lastKnownFileType = wrapper.framework; name = CoreGraphics.framework; path = Platforms/iPhoneOS.platform/Developer/SDKs/iPhoneOS6.1.sdk/System/Library/Frameworks/CoreGraphics.framework; sourceTree = DEVELOPER_DIR; };
		5EF64B2B6C7FDADC99FAF94F5888CE4A /* Environment.swift */ = {isa = PBXFileReference; fileEncoding = 4; lastKnownFileType = sourcecode.swift; path = Environment.swift; sourceTree = "<group>"; };
		049FC01005B5DD7BA19D84C34AF8C9E2 /* EnvironmentOptions.swift */ = {isa = PBXFileReference; fileEncoding = 4; lastKnownFileType = sourcecode.swift; path = EnvironmentOptions.swift; sourceTree = "<group>"; };
		7AA67947B20FF0B0AEE0F10EA2BC5E0E /* Foundation.framework */ = {isa = PBXFileReference; lastKnownFileType = wrapper.framework; name = Foundation.framework; path = System/Library/Frameworks/Foundation.framework; sourceTree = SDKROOT; };
		E75F0A205C77E96099A9E06389415C77 /* Hub.swift */ = {isa = PBXFileReference; lastKnownFileType = sourcecode.swift; path = Hub.swift; sourceTree = "<group>"; };
		FF54DF503E2C7FB2BCC5E072C470C676 /* Info-iOS.plist */ = {isa = PBXFileReference; lastKnownFileType = text.plist.xml; path = "Info-iOS.plist"; sourceTree = "<group>"; };
		2A098A9029478E788A8002819FDCF342 /* Info-macOS.plist */ = {isa = PBXFileReference; lastKnownFileType = text.plist.xml; path = "Info-macOS.plist"; sourceTree = "<group>"; };
		B9D6BB0726A865898814717EF07E73F5 /* LaunchScreen.storyboard */ = {isa = PBXFileReference; lastKnownFileType = file.storyboard; path = LaunchScreen.storyboard; sourceTree = "<group>"; };
		52270B059CF4701F5F9DAB8FEC0FDC9B /* NWAppDelegate.h */ = {isa = PBXFileReference; fileEncoding = 4; lastKnownFileType = sourcecode.c.h; path = NWAppDelegate.h; sourceTree = "<group>"; };
		4B64673D673059758B10A24E01DC3C19 /* NWAppDelegate.m */ = {isa = PBXFileReference; fileEncoding = 4; lastKnownFileType = sourcecode.c.objc; path = NWAppDelegate.m; sourceTree = "<group>"; };
		2B70ACCDBE5C13C9C58B65E3CAB57945 /* NWSSLConnection.h */ = {isa = PBXFileReference; fileEncoding = 4; lastKnownFileType = sourcecode.c.h; path = NWSSLConnection.h; sourceTree = "<group>"; };
		87BF2248470B313F145E11D3821C487E /* NWSSLConnection.m */ = {isa = PBXFileReference; fileEncoding = 4; lastKnownFileType = sourcecode.c.objc; path = NWSSLConnection.m; sourceTree = "<group>"; };
		9ABAD78AA630C80C39E92024A8DB2756 /* NWType.h */ = {isa = PBXFileReference; fileEncoding = 4; lastKnownFileType = sourcecode.c.h; path = NWType.h; sourceTree = "<group>"; };
		A9EE9CCB51ABFB0501D49781CE5C5171 /* NWType.m */ = {isa = PBXFileReference; fileEncoding = 4; lastKnownFileType = sourcecode.c.objc; path = NWType.m; sourceTree = "<group>"; };
		D94A48939C7B38170911247110839411 /* Notification.swift */ = {isa = PBXFileReference; fileEncoding = 4; lastKnownFileType = sourcecode.swift; path = Notification.swift; sourceTree = "<group>"; };
		8C47112F945765EE38CC31701B993A93 /* ProjectBase.xcconfig */ = {isa = PBXFileReference; lastKnownFileType = text.xcconfig; path = ProjectBase.xcconfig; sourceTree = "<group>"; };
		E73FD753D1D6F5D6A6FD912629D760A5 /* ProjectDebug.xcconfig */ = {isa = PBXFileReference; lastKnownFileType = text.xcconfig; path = ProjectDebug.xcconfig; sourceTree = "<group>"; };
		7FE967AD886F7ABEC622BFD6EA3C4E74 /* ProjectRelease.xcconfig */ = {isa = PBXFileReference; lastKnownFileType = text.xcconfig; path = ProjectRelease.xcconfig; sourceTree = "<group>"; };
		9E387C3A9A39BC328274AD273C4C054C /* ProjectVersion.xcconfig */ = {isa = PBXFileReference; lastKnownFileType = text.xcconfig; path = ProjectVersion.xcconfig; sourceTree = "<group>"; };
		9167D4589C9F8DEAFD3279CF4898983F /* ProjectWarnings.xcconfig */ = {isa = PBXFileReference; lastKnownFileType = text.xcconfig; path = ProjectWarnings.xcconfig; sourceTree = "<group>"; };
		6F6FC2AB9998AD38A53EAD639B99A4E9 /* PushError.swift */ = {isa = PBXFileReference; fileEncoding = 4; lastKnownFileType = sourcecode.swift; path = PushError.swift; sourceTree = "<group>"; };
		82E374DF8D0EE973C422FF62E0185B2F /* PushFeedback.swift */ = {isa = PBXFileReference; fileEncoding = 4; lastKnownFileType = sourcecode.swift; path = PushFeedback.swift; sourceTree = "<group>"; };
		140F5B21E58BEC6B88A66E65DF5C4C4D /* PushTool-Bridging-Header.h */ = {isa = PBXFileReference; lastKnownFileType = sourcecode.c.h; path = "PushTool-Bridging-Header.h"; sourceTree = "<group>"; };
		11BC446A9ED8212EEFAB971FA6A7923D /* PushTool-iOS.app */ = {isa = PBXFileReference; explicitFileType = wrapper.application; includeInIndex = 0; path = "PushTool-iOS.app"; sourceTree = BUILT_PRODUCTS_DIR; };
		94F64BD810C0552FD0A4C14CCF70C3ED /* PushTool.app */ = {isa = PBXFileReference; explicitFileType = wrapper.application; includeInIndex = 0; path = PushTool.app; sourceTree = BUILT_PRODUCTS_DIR; };
		891FB75E76772E6DBD6B5AE5CD087511 /* Pusher.swift */ = {isa = PBXFileReference; lastKnownFileType = sourcecode.swift; path = Pusher.swift; sourceTree = "<group>"; };
		778E9B636B19F655FFA72B659C33A07C /* PusherViewController.swift */ = {isa = PBXFileReference; lastKnownFileType = sourcecode.swift; path = PusherViewController.swift; sourceTree = "<group>"; };
		DFFCD34B97EB589039FA2F46C7E6F081 /* README.md */ = {isa = PBXFileReference; fileEncoding = 4; lastKnownFileType = text; path = README.md; sourceTree = "<group>"; };
		493F5369E55852A49894F76692217563 /* SecTools.swift */ = {isa = PBXFileReference; lastKnownFileType = sourcecode.swift; path = SecTools.swift; sourceTree = "<group>"; };
		658F71FE87626920A3229836F8D66988 /* Security.framework */ = {isa = PBXFileReference; lastKnownFileType = wrapper.framework; name = Security.framework; path = System/Library/Frameworks/Security.framework; sourceTree = SDKROOT; };
		1FAE6CB6660E993878E18FB5F36BC3E0 /* Type.swift */ = {isa = PBXFileReference; fileEncoding = 4; lastKnownFileType = sourcecode.swift; path = Type.swift; sourceTree = "<group>"; };
		32C51810266B72B3D5775CF12A959D56 /* UIKit.framework */ = {isa = PBXFileReference; lastKnownFileType = wrapper.framework; name = UIKit.framework; path = Platforms/iPhoneOS.platform/Developer/SDKs/iPhoneOS6.1.sdk/System/Library/Frameworks/UIKit.framework; sourceTree = DEVELOPER_DIR; };
		57ABB956A0E29E7BE34F8E2929F84168 /* config.plist */ = {isa = PBXFileReference; lastKnownFileType = text.plist.xml; path = config.plist; sourceTree = "<group>"; };
		4C441803E081F0BA8EA2F316A89204A8 /* main.m */ = {isa = PBXFileReference; fileEncoding = 4; lastKnownFileType = sourcecode.c.objc; path = main.m; sourceTree = "<group>"; };
		617DFE0F3282328E69EF62966C6AF7AF /* uniquify_projects.sh */ = {isa = PBXFileReference; lastKnownFileType = text.script.sh; path = uniquify_projects.sh; sourceTree = "<group>"; };
/* End PBXFileReference section */

/* Begin PBXFrameworksBuildPhase section */
		798752C28920A18A4DD08C3C3EEF3B85 /* Frameworks */ = {
			isa = PBXFrameworksBuildPhase;
			buildActionMask = 2147483647;
			files = (
				07BA7B31259F1774118B9345DB9E888B /* CoreGraphics.framework in Frameworks */,
				85DF6F2E73F7EC1EA141C0E6A20CC9B2 /* Foundation.framework in Frameworks */,
				C0B65FDE6DE7BB52E7F3D37B226B0F53 /* Security.framework in Frameworks */,
				037EDD2B43689B7E1D73F243A6A3B079 /* UIKit.framework in Frameworks */,
			);
			runOnlyForDeploymentPostprocessing = 0;
		};
		9AE06B970D4186889FC07B4E6CFFB4AD /* Frameworks */ = {
			isa = PBXFrameworksBuildPhase;
			buildActionMask = 2147483647;
			files = (
				6C30CF126968AB86A7ED80E2DE35CF2C /* Cocoa.framework in Frameworks */,
				6315D14787C83D5942AE5C222A84A5D7 /* Security.framework in Frameworks */,
			);
			runOnlyForDeploymentPostprocessing = 0;
		};
/* End PBXFrameworksBuildPhase section */

/* Begin PBXGroup section */
		2206F44DF98982671F92BA11E890CBFC /* Resources */ = {
			isa = PBXGroup;
			children = (
				E020A7134FAA38CB633FAD318BEC8BC8 /* Application.xib */,
				9725BE8AFC926D48D7533C2C3092D064 /* Assets.xcassets */,
				FF54DF503E2C7FB2BCC5E072C470C676 /* Info-iOS.plist */,
				2A098A9029478E788A8002819FDCF342 /* Info-macOS.plist */,
				B9D6BB0726A865898814717EF07E73F5 /* LaunchScreen.storyboard */,
				57ABB956A0E29E7BE34F8E2929F84168 /* config.plist */,
			);
			path = Resources;
			sourceTree = "<group>";
		};
		24D45C6454E9422DE49CFB5DFA08E9C5 /* BuildSettings */ = {
			isa = PBXGroup;
			children = (
				8C47112F945765EE38CC31701B993A93 /* ProjectBase.xcconfig */,
				E73FD753D1D6F5D6A6FD912629D760A5 /* ProjectDebug.xcconfig */,
				7FE967AD886F7ABEC622BFD6EA3C4E74 /* ProjectRelease.xcconfig */,
				9E387C3A9A39BC328274AD273C4C054C /* ProjectVersion.xcconfig */,
				9167D4589C9F8DEAFD3279CF4898983F /* ProjectWarnings.xcconfig */,
			);
			path = BuildSettings;
			sourceTree = "<group>";
		};
		5D44DE4A16580C2624CF506C05146E70 /* Frameworks */ = {
			isa = PBXGroup;
			children = (
				A347CF633AC3D0CDE521B7D62A20A804 /* AppKit.framework */,
				68B8C88C8CCDA2336792483F1A3D39AF /* Cocoa.framework */,
				E25C88EDA18E4F75C357A78A2C68CC91 /* CoreGraphics.framework */,
				7AA67947B20FF0B0AEE0F10EA2BC5E0E /* Foundation.framework */,
				658F71FE87626920A3229836F8D66988 /* Security.framework */,
				32C51810266B72B3D5775CF12A959D56 /* UIKit.framework */,
			);
			name = Frameworks;
			sourceTree = "<group>";
		};
		7F2F4D2B9D6E791D51F2E2E57C727D0E /* Scripts */ = {
			isa = PBXGroup;
			children = (
				617DFE0F3282328E69EF62966C6AF7AF /* uniquify_projects.sh */,
			);
			path = Scripts;
			sourceTree = "<group>";
		};
		85A7667934856BAE3BA4F5230AC2C044 /* macOS */ = {
			isa = PBXGroup;
			children = (
				52270B059CF4701F5F9DAB8FEC0FDC9B /* NWAppDelegate.h */,
				4B64673D673059758B10A24E01DC3C19 /* NWAppDelegate.m */,
				4C441803E081F0BA8EA2F316A89204A8 /* main.m */,
			);
			path = macOS;
			sourceTree = "<group>";
		};
		B1D116BD7DFDFD66849644CDAAEE17CA /* Source */ = {
			isa = PBXGroup;
			children = (
				B3EA69D9A11D66C1B6C7FB838B5CF84C /* iOS */,
				85A7667934856BAE3BA4F5230AC2C044 /* macOS */,
				A72095B91071C6D557C03C6392C4A27D /* CertType.swift */,
				5EF64B2B6C7FDADC99FAF94F5888CE4A /* Environment.swift */,
				049FC01005B5DD7BA19D84C34AF8C9E2 /* EnvironmentOptions.swift */,
				E75F0A205C77E96099A9E06389415C77 /* Hub.swift */,
				2B70ACCDBE5C13C9C58B65E3CAB57945 /* NWSSLConnection.h */,
				87BF2248470B313F145E11D3821C487E /* NWSSLConnection.m */,
				9ABAD78AA630C80C39E92024A8DB2756 /* NWType.h */,
				A9EE9CCB51ABFB0501D49781CE5C5171 /* NWType.m */,
				D94A48939C7B38170911247110839411 /* Notification.swift */,
				6F6FC2AB9998AD38A53EAD639B99A4E9 /* PushError.swift */,
				82E374DF8D0EE973C422FF62E0185B2F /* PushFeedback.swift */,
				140F5B21E58BEC6B88A66E65DF5C4C4D /* PushTool-Bridging-Header.h */,
				891FB75E76772E6DBD6B5AE5CD087511 /* Pusher.swift */,
				493F5369E55852A49894F76692217563 /* SecTools.swift */,
				1FAE6CB6660E993878E18FB5F36BC3E0 /* Type.swift */,
			);
			path = Source;
			sourceTree = "<group>";
		};
		B3EA69D9A11D66C1B6C7FB838B5CF84C /* iOS */ = {
			isa = PBXGroup;
			children = (
				B9320C56A06E97BC5082C7655DFDEDB6 /* AppDelegate.swift */,
				778E9B636B19F655FFA72B659C33A07C /* PusherViewController.swift */,
			);
			path = iOS;
			sourceTree = "<group>";
		};
		BD1A693E3C4E73479A4A3D5AEF4097A4 /* Products */ = {
			isa = PBXGroup;
			children = (
				11BC446A9ED8212EEFAB971FA6A7923D /* PushTool-iOS.app */,
				94F64BD810C0552FD0A4C14CCF70C3ED /* PushTool.app */,
			);
			name = Products;
			sourceTree = "<group>";
		};
		C0F5CF051DDFC5AFACC67BB2D26AF935 = {
			isa = PBXGroup;
			children = (
				24D45C6454E9422DE49CFB5DFA08E9C5 /* BuildSettings */,
				5D44DE4A16580C2624CF506C05146E70 /* Frameworks */,
				BD1A693E3C4E73479A4A3D5AEF4097A4 /* Products */,
				2206F44DF98982671F92BA11E890CBFC /* Resources */,
				7F2F4D2B9D6E791D51F2E2E57C727D0E /* Scripts */,
				B1D116BD7DFDFD66849644CDAAEE17CA /* Source */,
				DFFCD34B97EB589039FA2F46C7E6F081 /* README.md */,
			);
			sourceTree = "<group>";
		};
/* End PBXGroup section */

/* Begin PBXNativeTarget section */
		4C4F333727553ED96B2BD9E5327CD5F5 /* PushTool-macOS */ = {
			isa = PBXNativeTarget;
			buildConfigurationList = F59CEEC7908DD4287B7D12D6C97D0AB5 /* Build configuration list for PBXNativeTarget "PushTool-macOS" */;
			buildPhases = (
				EE6EE39BD3E632CAA082C4F29D7FC47A /* Sources */,
				9AE06B970D4186889FC07B4E6CFFB4AD /* Frameworks */,
				CE59149861910180EE0331862A0F758E /* Resources */,
				4D077E4E9DCD95B06485AA50A86C7C52 /* Embed Frameworks */,
				478C12A43B54CAC2B66BB940DB8AA7C2 /* Update Info Plist */,
			);
			buildRules = (
			);
			dependencies = (
			);
			name = "PushTool-macOS";
			productName = Pusher;
			productReference = 94F64BD810C0552FD0A4C14CCF70C3ED /* PushTool.app */;
			productType = "com.apple.product-type.application";
		};
		F2A43D4759A09338023CC0184E226C68 /* PushTool-iOS */ = {
			isa = PBXNativeTarget;
			buildConfigurationList = 1B3F9A8864F3E22C49405B343986506C /* Build configuration list for PBXNativeTarget "PushTool-iOS" */;
			buildPhases = (
				9CEEFFB105BDD3277648F02022EC3B11 /* Sources */,
				798752C28920A18A4DD08C3C3EEF3B85 /* Frameworks */,
				B6EDD7230228574C82923B9834AFB735 /* Resources */,
				B42F072AD621AE87753C6CA382B7BEA4 /* Embed Frameworks */,
				FCCD46FE997D8EBF70CBD8CB93D84992 /* Update Info Plist */,
			);
			buildRules = (
			);
			dependencies = (
			);
			name = "PushTool-iOS";
			productName = PusherTouch;
			productReference = 11BC446A9ED8212EEFAB971FA6A7923D /* PushTool-iOS.app */;
			productType = "com.apple.product-type.application";
		};
/* End PBXNativeTarget section */

/* Begin PBXProject section */
		249EA1D406BFEFAE3143060E00AFB762 /* Project object */ = {
			isa = PBXProject;
			attributes = {
				CLASSPREFIX = "";
				LastUpgradeCheck = 0920;
				ORGANIZATIONNAME = Andela;
				TargetAttributes = {
					4C4F333727553ED96B2BD9E5327CD5F5 = {
						LastSwiftMigration = 0920;
						ProvisioningStyle = Automatic;
					};
					CCB78D094D2D383149AFB5455DD3F943 = {
						CreatedOnToolsVersion = 9.2;
						ProvisioningStyle = Automatic;
					};
					F2A43D4759A09338023CC0184E226C68 = {
						LastSwiftMigration = 0920;
						ProvisioningStyle = Automatic;
					};
				};
			};
			buildConfigurationList = 4335BA8FAFE51AA4C506BEC5E36BA63A /* Build configuration list for PBXProject "PushTool" */;
			compatibilityVersion = "Xcode 8.0";
			developmentRegion = English;
			hasScannedForEncodings = 0;
			knownRegions = (
				en,
			);
			mainGroup = C0F5CF051DDFC5AFACC67BB2D26AF935;
			productRefGroup = BD1A693E3C4E73479A4A3D5AEF4097A4 /* Products */;
			projectDirPath = "";
			projectRoot = "";
			targets = (
				4C4F333727553ED96B2BD9E5327CD5F5 /* PushTool-macOS */,
				F2A43D4759A09338023CC0184E226C68 /* PushTool-iOS */,
				CCB78D094D2D383149AFB5455DD3F943 /* PushTool */,
			);
		};
/* End PBXProject section */

/* Begin PBXResourcesBuildPhase section */
		B6EDD7230228574C82923B9834AFB735 /* Resources */ = {
			isa = PBXResourcesBuildPhase;
			buildActionMask = 2147483647;
			files = (
				36D54B2CC763F636A6F5C8721EC3DA72 /* Assets.xcassets in Resources */,
				D33F67563375169E6EE2CD19E813FD32 /* LaunchScreen.storyboard in Resources */,
				4A502FC03236A7A9857082B9EBDEA522 /* README.md in Resources */,
				827A6E0369D3A6D0D2E2DB64CC8B38DE /* config.plist in Resources */,
			);
			runOnlyForDeploymentPostprocessing = 0;
		};
		CE59149861910180EE0331862A0F758E /* Resources */ = {
			isa = PBXResourcesBuildPhase;
			buildActionMask = 2147483647;
			files = (
				18B38194738A167BF5725EFA71E598B5 /* Application.xib in Resources */,
				9FFD9865D421E2102537DDBE315C7628 /* Assets.xcassets in Resources */,
				E231C0FE439040506E058213AF107332 /* README.md in Resources */,
				D594D2C57D2060F8FC035DC54EF88BE7 /* config.plist in Resources */,
			);
			runOnlyForDeploymentPostprocessing = 0;
		};
/* End PBXResourcesBuildPhase section */

/* Begin PBXShellScriptBuildPhase section */
		478C12A43B54CAC2B66BB940DB8AA7C2 /* Update Info Plist */ = {
			isa = PBXShellScriptBuildPhase;
			buildActionMask = 2147483647;
			files = (
			);
			inputPaths = (
			);
			name = "Update Info Plist";
			outputPaths = (
			);
			runOnlyForDeploymentPostprocessing = 0;
			shellPath = /bin/sh;
			shellScript = "\"${SRCROOT}\"/Scripts/update_info_plist.sh\n";
			showEnvVarsInLog = 0;
		};
		FCCD46FE997D8EBF70CBD8CB93D84992 /* Update Info Plist */ = {
			isa = PBXShellScriptBuildPhase;
			buildActionMask = 2147483647;
			files = (
			);
			inputPaths = (
			);
			name = "Update Info Plist";
			outputPaths = (
			);
			runOnlyForDeploymentPostprocessing = 0;
			shellPath = /bin/sh;
			shellScript = "\"${SRCROOT}\"/Scripts/update_info_plist.sh\n";
		};
/* End PBXShellScriptBuildPhase section */

/* Begin PBXSourcesBuildPhase section */
		9CEEFFB105BDD3277648F02022EC3B11 /* Sources */ = {
			isa = PBXSourcesBuildPhase;
			buildActionMask = 2147483647;
			files = (
				ABCB519E2A42297B53B541583ED79F8B /* AppDelegate.swift in Sources */,
				A914E512BF63EF2708D511E40497FF16 /* CertType.swift in Sources */,
				A402D98B56FE9CFCB3E9E70FD98A37B7 /* Environment.swift in Sources */,
				717DD6BF104390DA4CC541A5540EA809 /* EnvironmentOptions.swift in Sources */,
				4ABB3B770AC0B392A89477B0B198F7C8 /* Hub.swift in Sources */,
				3660BAE560740B47D84DEB1EFE72A915 /* NWSSLConnection.m in Sources */,
				620BBAAE6847C33628B5BB94279D735A /* NWType.m in Sources */,
				4841FEE227A3C40336C1F774963E21BB /* Notification.swift in Sources */,
				5D70C80E7D707496CBEBAA7A5B4FDF75 /* PushError.swift in Sources */,
				7A01DAA5CE5CF36769A54C76383FF325 /* PushFeedback.swift in Sources */,
				27FB77F9807A29E312E18DFCF5456812 /* Pusher.swift in Sources */,
				00416D616191F6FE7D9E6A1F4B2B4B10 /* PusherViewController.swift in Sources */,
				B4EAF08DDE6A95460F408DEDFB81A65B /* SecTools.swift in Sources */,
				BF9FA9B727985DFF910A43EC6E4B964D /* Type.swift in Sources */,
			);
			runOnlyForDeploymentPostprocessing = 0;
		};
		EE6EE39BD3E632CAA082C4F29D7FC47A /* Sources */ = {
			isa = PBXSourcesBuildPhase;
			buildActionMask = 2147483647;
			files = (
				5488FEFACD09F056A806A4A2B44F51CE /* CertType.swift in Sources */,
				9B3B6748BDD9319E08404E2221ED1531 /* Environment.swift in Sources */,
				F4A35FCE0407DEB0D2D8A9A5602F0336 /* EnvironmentOptions.swift in Sources */,
				B991EC6388CB9D72A43B33DC03D32256 /* Hub.swift in Sources */,
				1DA11F25D63D240E1879DDCA0D15407F /* NWAppDelegate.m in Sources */,
				6D3D8756626AA0DA596A72AFBF104CA5 /* NWSSLConnection.m in Sources */,
				10D51C043DB1F76833C717D13BBE38C0 /* NWType.m in Sources */,
				FC0A678E18435EFF9410A285556A5C2E /* Notification.swift in Sources */,
				11DE77AD06C997404BEC9F9D1D05025B /* PushError.swift in Sources */,
				E0AF842A33E8C3A1A33B1B8728B4B7BF /* PushFeedback.swift in Sources */,
				123BBCE517D6D5EF48C46861046EEA1F /* Pusher.swift in Sources */,
				4B28467FC05ECD408923D0C39BCC4F19 /* SecTools.swift in Sources */,
				A753C6A26F38B04BD364B1EF50CA719B /* Type.swift in Sources */,
				0114C9AF57C812FA943F2241116693F8 /* main.m in Sources */,
			);
			runOnlyForDeploymentPostprocessing = 0;
		};
/* End PBXSourcesBuildPhase section */

/* Begin PBXTargetDependency section */
		24CE16BF578BA6FF46511AEC7F1D788F /* PBXTargetDependency */ = {
			isa = PBXTargetDependency;
			target = F2A43D4759A09338023CC0184E226C68 /* PushTool-iOS */;
			targetProxy = 673BFBC39E05F1FA1FF0C4D7893B31EC /* PBXContainerItemProxy */;
		};
		D155C9155FFAA55BF6D16601E0638FDF /* PBXTargetDependency */ = {
			isa = PBXTargetDependency;
			target = 4C4F333727553ED96B2BD9E5327CD5F5 /* PushTool-macOS */;
			targetProxy = FFD67C246FF3B2E9A018AC4FE4D551E6 /* PBXContainerItemProxy */;
		};
/* End PBXTargetDependency section */

/* Begin XCBuildConfiguration section */
		018B1F886B91632A79FD16A9B61A2705 /* Release */ = {
			isa = XCBuildConfiguration;
			buildSettings = {
				CODE_SIGN_STYLE = Automatic;
				PRODUCT_NAME = "$(TARGET_NAME)";
			};
			name = Release;
		};
		3FD78376D5882E83058B1CA9DF7F2866 /* Debug */ = {
			isa = XCBuildConfiguration;
			buildSettings = {
				CODE_SIGN_STYLE = Automatic;
				PRODUCT_NAME = "$(TARGET_NAME)";
			};
			name = Debug;
		};
		593FBB12A0158EFD2499034CB061AF6C /* Debug */ = {
			isa = XCBuildConfiguration;
			buildSettings = {
				"CODE_SIGN_IDENTITY[sdk=macosx*]" = "Mac Developer";
				CODE_SIGN_STYLE = Automatic;
				DEVELOPMENT_TEAM = 7688PWZMS6;
				INFOPLIST_FILE = "Resources/Info-macOS.plist";
				LD_RUNPATH_SEARCH_PATHS = "$(inherited) @executable_path/../Frameworks";
				MACOSX_DEPLOYMENT_TARGET = 10.12;
				PROVISIONING_PROFILE_SPECIFIER = "";
				SDKROOT = macosx;
				VALID_ARCHS = "i386 x86_64";
			};
			name = Debug;
		};
		6BDC67F08D1321AB83D2C8E33434DFC5 /* Release */ = {
			isa = XCBuildConfiguration;
			buildSettings = {
				"CODE_SIGN_IDENTITY[sdk=macosx*]" = "Mac Developer";
				CODE_SIGN_STYLE = Automatic;
				DEVELOPMENT_TEAM = 7688PWZMS6;
				INFOPLIST_FILE = "Resources/Info-macOS.plist";
				LD_RUNPATH_SEARCH_PATHS = "$(inherited) @executable_path/../Frameworks";
				MACOSX_DEPLOYMENT_TARGET = 10.12;
				PROVISIONING_PROFILE_SPECIFIER = "";
				SDKROOT = macosx;
				VALID_ARCHS = "i386 x86_64";
			};
			name = Release;
		};
		A9236675585E336471A0DAFBB7D35177 /* Debug */ = {
			isa = XCBuildConfiguration;
			buildSettings = {
				"CODE_SIGN_IDENTITY[sdk=iphoneos*]" = "iPhone Developer";
				CODE_SIGN_STYLE = Automatic;
				DEVELOPMENT_TEAM = 7688PWZMS6;
				INFOPLIST_FILE = "Resources/Info-iOS.plist";
				LD_RUNPATH_SEARCH_PATHS = "$(inherited) @executable_path/Frameworks";
				PRODUCT_MODULE_NAME = PushTool;
				PRODUCT_NAME = "PushTool-iOS";
				PROVISIONING_PROFILE_SPECIFIER = "";
				SDKROOT = iphoneos;
				TARGETED_DEVICE_FAMILY = "1,2";
				VALID_ARCHS = "arm64 armv7 armv7s";
			};
			name = Debug;
		};
		AD87ADA896EAD092EDEECDCEACC5E6AA /* Release */ = {
			isa = XCBuildConfiguration;
			baseConfigurationReference = E73FD753D1D6F5D6A6FD912629D760A5 /* ProjectDebug.xcconfig */;
			buildSettings = {
				VALID_ARCHS = "";
			};
			name = Release;
		};
		D8A1412A384D795D5F093B33582047A3 /* Debug */ = {
			isa = XCBuildConfiguration;
			baseConfigurationReference = E73FD753D1D6F5D6A6FD912629D760A5 /* ProjectDebug.xcconfig */;
			buildSettings = {
				VALID_ARCHS = "";
			};
			name = Debug;
		};
		E5976D8F29E1A8FB03392B7AC1878D83 /* Release */ = {
			isa = XCBuildConfiguration;
			buildSettings = {
				"CODE_SIGN_IDENTITY[sdk=iphoneos*]" = "iPhone Developer";
				CODE_SIGN_STYLE = Automatic;
				DEVELOPMENT_TEAM = 7688PWZMS6;
				INFOPLIST_FILE = "Resources/Info-iOS.plist";
				LD_RUNPATH_SEARCH_PATHS = "$(inherited) @executable_path/Frameworks";
				PRODUCT_MODULE_NAME = PushTool;
				PRODUCT_NAME = "PushTool-iOS";
				PROVISIONING_PROFILE_SPECIFIER = "";
				SDKROOT = iphoneos;
				TARGETED_DEVICE_FAMILY = "1,2";
				VALID_ARCHS = "arm64 armv7 armv7s";
			};
			name = Release;
		};
/* End XCBuildConfiguration section */

/* Begin XCConfigurationList section */
		1B3F9A8864F3E22C49405B343986506C /* Build configuration list for PBXNativeTarget "PushTool-iOS" */ = {
			isa = XCConfigurationList;
			buildConfigurations = (
				A9236675585E336471A0DAFBB7D35177 /* Debug */,
				E5976D8F29E1A8FB03392B7AC1878D83 /* Release */,
			);
			defaultConfigurationIsVisible = 0;
			defaultConfigurationName = Release;
		};
		4335BA8FAFE51AA4C506BEC5E36BA63A /* Build configuration list for PBXProject "PushTool" */ = {
			isa = XCConfigurationList;
			buildConfigurations = (
				D8A1412A384D795D5F093B33582047A3 /* Debug */,
				AD87ADA896EAD092EDEECDCEACC5E6AA /* Release */,
			);
			defaultConfigurationIsVisible = 0;
			defaultConfigurationName = Release;
		};
		CBD3BBF8FD48CB94FFFC9F4E8869C799 /* Build configuration list for PBXAggregateTarget "PushTool" */ = {
			isa = XCConfigurationList;
			buildConfigurations = (
				3FD78376D5882E83058B1CA9DF7F2866 /* Debug */,
				018B1F886B91632A79FD16A9B61A2705 /* Release */,
			);
			defaultConfigurationIsVisible = 0;
			defaultConfigurationName = Release;
		};
		F59CEEC7908DD4287B7D12D6C97D0AB5 /* Build configuration list for PBXNativeTarget "PushTool-macOS" */ = {
			isa = XCConfigurationList;
			buildConfigurations = (
				593FBB12A0158EFD2499034CB061AF6C /* Debug */,
				6BDC67F08D1321AB83D2C8E33434DFC5 /* Release */,
			);
			defaultConfigurationIsVisible = 0;
			defaultConfigurationName = Release;
		};
/* End XCConfigurationList section */
	};
	rootObject = 249EA1D406BFEFAE3143060E00AFB762 /* Project object */;
}
